// !$*UTF8*$!
{
	archiveVersion = 1;
	classes = {
	};
	objectVersion = 55;
	objects = {

/* Begin PBXBuildFile section */
		3234150654337ED332B97698 /* Pods_GPS_Todo.framework in Frameworks */ = {isa = PBXBuildFile; fileRef = 4F0EF6AAD91320FAB531A021 /* Pods_GPS_Todo.framework */; };
		44298BAE28FDB71E00C3D4DA /* LoginCustomViewController.swift in Sources */ = {isa = PBXBuildFile; fileRef = 44298BAD28FDB71E00C3D4DA /* LoginCustomViewController.swift */; };
		44298BB628FF19F000C3D4DA /* RandomNonceString.swift in Sources */ = {isa = PBXBuildFile; fileRef = 44298BB528FF19F000C3D4DA /* RandomNonceString.swift */; };
		44298BB92900707F00C3D4DA /* PasswordSignUpViewController.swift in Sources */ = {isa = PBXBuildFile; fileRef = 44298BB72900707E00C3D4DA /* PasswordSignUpViewController.swift */; };
		44298BBA2900707F00C3D4DA /* PasswordSignUpViewController.xib in Resources */ = {isa = PBXBuildFile; fileRef = 44298BB82900707E00C3D4DA /* PasswordSignUpViewController.xib */; };
		44298BBD290072A800C3D4DA /* FUIAdvancedPasswordSignUpViewController.m_backup in Sources */ = {isa = PBXBuildFile; fileRef = 44298BBC290072A800C3D4DA /* FUIAdvancedPasswordSignUpViewController.m_backup */; };
		44298BBF2900738500C3D4DA /* FUIAdvancedPasswordSignUpViewController.xib_backup in Resources */ = {isa = PBXBuildFile; fileRef = 44298BBE2900738500C3D4DA /* FUIAdvancedPasswordSignUpViewController.xib_backup */; };
		4437F1AB2905957F0034624B /* PasswordSignUpViewModel.swift in Sources */ = {isa = PBXBuildFile; fileRef = 4437F1AA2905957F0034624B /* PasswordSignUpViewModel.swift */; };
		4437F1AF29059A2C0034624B /* EmailEntryViewController.swift in Sources */ = {isa = PBXBuildFile; fileRef = 4437F1AD29059A2C0034624B /* EmailEntryViewController.swift */; };
		4437F1B029059A2C0034624B /* EmailEntryViewController.xib in Resources */ = {isa = PBXBuildFile; fileRef = 4437F1AE29059A2C0034624B /* EmailEntryViewController.xib */; };
		4437F1D9290C4A1B0034624B /* BGSMM_DevKit in Frameworks */ = {isa = PBXBuildFile; productRef = 4437F1D8290C4A1B0034624B /* BGSMM_DevKit */; };
		4437F1DB290C4D050034624B /* FirestoreTodo.swift in Sources */ = {isa = PBXBuildFile; fileRef = 4437F1DA290C4D050034624B /* FirestoreTodo.swift */; };
		4437F1DF290C4D9B0034624B /* Todo.swift in Sources */ = {isa = PBXBuildFile; fileRef = 4437F1DE290C4D9B0034624B /* Todo.swift */; };
		4437F1E1290C50A00034624B /* TodoListTableViewController.swift in Sources */ = {isa = PBXBuildFile; fileRef = 4437F1E0290C50A00034624B /* TodoListTableViewController.swift */; };
		4437F1E3290C5B150034624B /* TodoDetailTableViewController.swift in Sources */ = {isa = PBXBuildFile; fileRef = 4437F1E2290C5B150034624B /* TodoDetailTableViewController.swift */; };
		4437F1E5290D989B0034624B /* TodoUpdateTableViewController.swift in Sources */ = {isa = PBXBuildFile; fileRef = 4437F1E4290D989B0034624B /* TodoUpdateTableViewController.swift */; };
		4437F1E9291023810034624B /* GPSLocationManager.swift in Sources */ = {isa = PBXBuildFile; fileRef = 4437F1E8291023810034624B /* GPSLocationManager.swift */; };
		4437F1EC29102A380034624B /* MKMapView+.swift in Sources */ = {isa = PBXBuildFile; fileRef = 4437F1EB29102A380034624B /* MKMapView+.swift */; };
		44B1001D28F487BB005B97EE /* AppDelegate.swift in Sources */ = {isa = PBXBuildFile; fileRef = 44B1001C28F487BB005B97EE /* AppDelegate.swift */; };
		44B1001F28F487BB005B97EE /* SceneDelegate.swift in Sources */ = {isa = PBXBuildFile; fileRef = 44B1001E28F487BB005B97EE /* SceneDelegate.swift */; };
		44B1002128F487BB005B97EE /* MainViewController.swift in Sources */ = {isa = PBXBuildFile; fileRef = 44B1002028F487BB005B97EE /* MainViewController.swift */; };
		44B1002428F487BB005B97EE /* Main.storyboard in Resources */ = {isa = PBXBuildFile; fileRef = 44B1002228F487BB005B97EE /* Main.storyboard */; };
		44B1002728F487BB005B97EE /* GPS_Todo.xcdatamodeld in Sources */ = {isa = PBXBuildFile; fileRef = 44B1002528F487BB005B97EE /* GPS_Todo.xcdatamodeld */; };
		44B1002928F487BD005B97EE /* Assets.xcassets in Resources */ = {isa = PBXBuildFile; fileRef = 44B1002828F487BD005B97EE /* Assets.xcassets */; };
		44B1002C28F487BD005B97EE /* LaunchScreen.storyboard in Resources */ = {isa = PBXBuildFile; fileRef = 44B1002A28F487BD005B97EE /* LaunchScreen.storyboard */; };
		44B1003728F487BD005B97EE /* GPS_TodoTests.swift in Sources */ = {isa = PBXBuildFile; fileRef = 44B1003628F487BD005B97EE /* GPS_TodoTests.swift */; };
		44B1004128F487BD005B97EE /* GPS_TodoUITests.swift in Sources */ = {isa = PBXBuildFile; fileRef = 44B1004028F487BD005B97EE /* GPS_TodoUITests.swift */; };
		44B1004328F487BD005B97EE /* GPS_TodoUITestsLaunchTests.swift in Sources */ = {isa = PBXBuildFile; fileRef = 44B1004228F487BD005B97EE /* GPS_TodoUITestsLaunchTests.swift */; };
		44B1005528F48815005B97EE /* Interface.storyboard in Resources */ = {isa = PBXBuildFile; fileRef = 44B1005328F48815005B97EE /* Interface.storyboard */; };
		44B1005728F48816005B97EE /* Assets.xcassets in Resources */ = {isa = PBXBuildFile; fileRef = 44B1005628F48816005B97EE /* Assets.xcassets */; };
		44B1005D28F48817005B97EE /* AssistantWatchForGPSTODO WatchKit Extension.appex in Embed App Extensions */ = {isa = PBXBuildFile; fileRef = 44B1005C28F48816005B97EE /* AssistantWatchForGPSTODO WatchKit Extension.appex */; settings = {ATTRIBUTES = (RemoveHeadersOnCopy, ); }; };
		44B1006228F48817005B97EE /* InterfaceController.swift in Sources */ = {isa = PBXBuildFile; fileRef = 44B1006128F48817005B97EE /* InterfaceController.swift */; };
		44B1006428F48817005B97EE /* ExtensionDelegate.swift in Sources */ = {isa = PBXBuildFile; fileRef = 44B1006328F48817005B97EE /* ExtensionDelegate.swift */; };
		44B1006628F48817005B97EE /* NotificationController.swift in Sources */ = {isa = PBXBuildFile; fileRef = 44B1006528F48817005B97EE /* NotificationController.swift */; };
		44B1006828F48817005B97EE /* ComplicationController.swift in Sources */ = {isa = PBXBuildFile; fileRef = 44B1006728F48817005B97EE /* ComplicationController.swift */; };
		44B1006A28F48818005B97EE /* Assets.xcassets in Resources */ = {isa = PBXBuildFile; fileRef = 44B1006928F48818005B97EE /* Assets.xcassets */; };
		44B1006F28F48818005B97EE /* AssistantWatchForGPSTODO.app in Embed Watch Content */ = {isa = PBXBuildFile; fileRef = 44B1005128F48815005B97EE /* AssistantWatchForGPSTODO.app */; settings = {ATTRIBUTES = (RemoveHeadersOnCopy, ); }; };
		44B1007928F48A99005B97EE /* GoogleService-Info.plist in Resources */ = {isa = PBXBuildFile; fileRef = 44B1007828F48A99005B97EE /* GoogleService-Info.plist */; };
		44B1007C28F48D62005B97EE /* AdMob.swift in Sources */ = {isa = PBXBuildFile; fileRef = 44B1007B28F48D62005B97EE /* AdMob.swift */; };
		44FA53BA2912D0F900133A3E /* EndLocationTableViewCell.swift in Sources */ = {isa = PBXBuildFile; fileRef = 44FA53B82912D0F900133A3E /* EndLocationTableViewCell.swift */; };
		44FA53BB2912D0F900133A3E /* EndLocationTableViewCell.xib in Resources */ = {isa = PBXBuildFile; fileRef = 44FA53B92912D0F900133A3E /* EndLocationTableViewCell.xib */; };
		44FA53BE2912D8AD00133A3E /* BehaviorRelay+.swift in Sources */ = {isa = PBXBuildFile; fileRef = 44FA53BD2912D8AD00133A3E /* BehaviorRelay+.swift */; };
		44FA53C12913D5AE00133A3E /* TodoUpdateViewModel.swift in Sources */ = {isa = PBXBuildFile; fileRef = 44FA53C02913D5AE00133A3E /* TodoUpdateViewModel.swift */; };
		44FA53C329140CFC00133A3E /* Double+.swift in Sources */ = {isa = PBXBuildFile; fileRef = 44FA53C229140CFC00133A3E /* Double+.swift */; };
		44FA53C529140ED900133A3E /* CoordInfo.swift in Sources */ = {isa = PBXBuildFile; fileRef = 44FA53C429140ED900133A3E /* CoordInfo.swift */; };
		44FA53C72914126900133A3E /* UISegmentControl.swift in Sources */ = {isa = PBXBuildFile; fileRef = 44FA53C62914126900133A3E /* UISegmentControl.swift */; };
		44FA53CD2916D32000133A3E /* IQKeyboardManagerSwift in Frameworks */ = {isa = PBXBuildFile; productRef = 44FA53CC2916D32000133A3E /* IQKeyboardManagerSwift */; };
		44FA53CF2918191300133A3E /* CLLocationCoordinate2D+.swift in Sources */ = {isa = PBXBuildFile; fileRef = 44FA53CE2918191300133A3E /* CLLocationCoordinate2D+.swift */; };
		44FA53D1291966E000133A3E /* ScheduleSelectTableViewController.swift in Sources */ = {isa = PBXBuildFile; fileRef = 44FA53D0291966E000133A3E /* ScheduleSelectTableViewController.swift */; };
		44FA53D3291972D400133A3E /* TodoScheduleType.swift in Sources */ = {isa = PBXBuildFile; fileRef = 44FA53D2291972D400133A3E /* TodoScheduleType.swift */; };
		816DA937E2BD09D56FA9EE31 /* Pods_GPS_TodoTests.framework in Frameworks */ = {isa = PBXBuildFile; fileRef = E63EDE213F0A8703D6C3EEBB /* Pods_GPS_TodoTests.framework */; };
		C5CBFCFEF351F5EAEDDE666E /* Pods_AssistantWatchForGPSTODO.framework in Frameworks */ = {isa = PBXBuildFile; fileRef = 7F4B293F0391A6747641E212 /* Pods_AssistantWatchForGPSTODO.framework */; };
		CAF728119A73F34730E2D763 /* Pods_GPS_Todo_GPS_TodoUITests.framework in Frameworks */ = {isa = PBXBuildFile; fileRef = 5D02B269BDCD0FCEAA41D3EF /* Pods_GPS_Todo_GPS_TodoUITests.framework */; };
		D41220678A2E00DD25BA2D04 /* Pods_AssistantWatchForGPSTODO_WatchKit_Extension.framework in Frameworks */ = {isa = PBXBuildFile; fileRef = 522801150E1F54592392F85C /* Pods_AssistantWatchForGPSTODO_WatchKit_Extension.framework */; };
/* End PBXBuildFile section */

/* Begin PBXContainerItemProxy section */
		44B1003328F487BD005B97EE /* PBXContainerItemProxy */ = {
			isa = PBXContainerItemProxy;
			containerPortal = 44B1001128F487BB005B97EE /* Project object */;
			proxyType = 1;
			remoteGlobalIDString = 44B1001828F487BB005B97EE;
			remoteInfo = "GPS-Todo";
		};
		44B1003D28F487BD005B97EE /* PBXContainerItemProxy */ = {
			isa = PBXContainerItemProxy;
			containerPortal = 44B1001128F487BB005B97EE /* Project object */;
			proxyType = 1;
			remoteGlobalIDString = 44B1001828F487BB005B97EE;
			remoteInfo = "GPS-Todo";
		};
		44B1005E28F48817005B97EE /* PBXContainerItemProxy */ = {
			isa = PBXContainerItemProxy;
			containerPortal = 44B1001128F487BB005B97EE /* Project object */;
			proxyType = 1;
			remoteGlobalIDString = 44B1005B28F48816005B97EE;
			remoteInfo = "AssistantWatchForGPSTODO WatchKit Extension";
		};
		44B1006D28F48818005B97EE /* PBXContainerItemProxy */ = {
			isa = PBXContainerItemProxy;
			containerPortal = 44B1001128F487BB005B97EE /* Project object */;
			proxyType = 1;
			remoteGlobalIDString = 44B1005028F48815005B97EE;
			remoteInfo = AssistantWatchForGPSTODO;
		};
/* End PBXContainerItemProxy section */

/* Begin PBXCopyFilesBuildPhase section */
		44B1007328F48818005B97EE /* Embed App Extensions */ = {
			isa = PBXCopyFilesBuildPhase;
			buildActionMask = 2147483647;
			dstPath = "";
			dstSubfolderSpec = 13;
			files = (
				44B1005D28F48817005B97EE /* AssistantWatchForGPSTODO WatchKit Extension.appex in Embed App Extensions */,
			);
			name = "Embed App Extensions";
			runOnlyForDeploymentPostprocessing = 0;
		};
		44B1007728F48818005B97EE /* Embed Watch Content */ = {
			isa = PBXCopyFilesBuildPhase;
			buildActionMask = 2147483647;
			dstPath = "$(CONTENTS_FOLDER_PATH)/Watch";
			dstSubfolderSpec = 16;
			files = (
				44B1006F28F48818005B97EE /* AssistantWatchForGPSTODO.app in Embed Watch Content */,
			);
			name = "Embed Watch Content";
			runOnlyForDeploymentPostprocessing = 0;
		};
/* End PBXCopyFilesBuildPhase section */

/* Begin PBXFileReference section */
		11BFA085E9979C0223E22AA5 /* Pods-GPS-Todo-GPS-TodoUITests.debug.xcconfig */ = {isa = PBXFileReference; includeInIndex = 1; lastKnownFileType = text.xcconfig; name = "Pods-GPS-Todo-GPS-TodoUITests.debug.xcconfig"; path = "Target Support Files/Pods-GPS-Todo-GPS-TodoUITests/Pods-GPS-Todo-GPS-TodoUITests.debug.xcconfig"; sourceTree = "<group>"; };
		15AEDB290DCFBA0987E701E4 /* Pods-GPS-TodoTests.release.xcconfig */ = {isa = PBXFileReference; includeInIndex = 1; lastKnownFileType = text.xcconfig; name = "Pods-GPS-TodoTests.release.xcconfig"; path = "Target Support Files/Pods-GPS-TodoTests/Pods-GPS-TodoTests.release.xcconfig"; sourceTree = "<group>"; };
		44298BAD28FDB71E00C3D4DA /* LoginCustomViewController.swift */ = {isa = PBXFileReference; lastKnownFileType = sourcecode.swift; path = LoginCustomViewController.swift; sourceTree = "<group>"; };
		44298BB228FF168900C3D4DA /* GPS-Todo.entitlements */ = {isa = PBXFileReference; lastKnownFileType = text.plist.entitlements; path = "GPS-Todo.entitlements"; sourceTree = "<group>"; };
		44298BB528FF19F000C3D4DA /* RandomNonceString.swift */ = {isa = PBXFileReference; lastKnownFileType = sourcecode.swift; path = RandomNonceString.swift; sourceTree = "<group>"; };
		44298BB72900707E00C3D4DA /* PasswordSignUpViewController.swift */ = {isa = PBXFileReference; lastKnownFileType = sourcecode.swift; path = PasswordSignUpViewController.swift; sourceTree = "<group>"; };
		44298BB82900707E00C3D4DA /* PasswordSignUpViewController.xib */ = {isa = PBXFileReference; lastKnownFileType = file.xib; path = PasswordSignUpViewController.xib; sourceTree = "<group>"; };
		44298BBB2900728500C3D4DA /* FUIAdvancedPasswordSignUpViewController.h_backup */ = {isa = PBXFileReference; lastKnownFileType = text; path = FUIAdvancedPasswordSignUpViewController.h_backup; sourceTree = "<group>"; };
		44298BBC290072A800C3D4DA /* FUIAdvancedPasswordSignUpViewController.m_backup */ = {isa = PBXFileReference; lastKnownFileType = text; path = FUIAdvancedPasswordSignUpViewController.m_backup; sourceTree = "<group>"; };
		44298BBE2900738500C3D4DA /* FUIAdvancedPasswordSignUpViewController.xib_backup */ = {isa = PBXFileReference; lastKnownFileType = text.xml; path = FUIAdvancedPasswordSignUpViewController.xib_backup; sourceTree = "<group>"; };
		4437F1AA2905957F0034624B /* PasswordSignUpViewModel.swift */ = {isa = PBXFileReference; lastKnownFileType = sourcecode.swift; path = PasswordSignUpViewModel.swift; sourceTree = "<group>"; };
		4437F1AD29059A2C0034624B /* EmailEntryViewController.swift */ = {isa = PBXFileReference; lastKnownFileType = sourcecode.swift; path = EmailEntryViewController.swift; sourceTree = "<group>"; };
		4437F1AE29059A2C0034624B /* EmailEntryViewController.xib */ = {isa = PBXFileReference; lastKnownFileType = file.xib; path = EmailEntryViewController.xib; sourceTree = "<group>"; };
		4437F1DA290C4D050034624B /* FirestoreTodo.swift */ = {isa = PBXFileReference; lastKnownFileType = sourcecode.swift; path = FirestoreTodo.swift; sourceTree = "<group>"; };
		4437F1DE290C4D9B0034624B /* Todo.swift */ = {isa = PBXFileReference; lastKnownFileType = sourcecode.swift; path = Todo.swift; sourceTree = "<group>"; };
		4437F1E0290C50A00034624B /* TodoListTableViewController.swift */ = {isa = PBXFileReference; lastKnownFileType = sourcecode.swift; path = TodoListTableViewController.swift; sourceTree = "<group>"; };
		4437F1E2290C5B150034624B /* TodoDetailTableViewController.swift */ = {isa = PBXFileReference; lastKnownFileType = sourcecode.swift; path = TodoDetailTableViewController.swift; sourceTree = "<group>"; };
		4437F1E4290D989B0034624B /* TodoUpdateTableViewController.swift */ = {isa = PBXFileReference; lastKnownFileType = sourcecode.swift; path = TodoUpdateTableViewController.swift; sourceTree = "<group>"; };
		4437F1E8291023810034624B /* GPSLocationManager.swift */ = {isa = PBXFileReference; lastKnownFileType = sourcecode.swift; path = GPSLocationManager.swift; sourceTree = "<group>"; };
		4437F1EB29102A380034624B /* MKMapView+.swift */ = {isa = PBXFileReference; lastKnownFileType = sourcecode.swift; path = "MKMapView+.swift"; sourceTree = "<group>"; };
		44B1001928F487BB005B97EE /* GPS-Todo.app */ = {isa = PBXFileReference; explicitFileType = wrapper.application; includeInIndex = 0; path = "GPS-Todo.app"; sourceTree = BUILT_PRODUCTS_DIR; };
		44B1001C28F487BB005B97EE /* AppDelegate.swift */ = {isa = PBXFileReference; lastKnownFileType = sourcecode.swift; path = AppDelegate.swift; sourceTree = "<group>"; };
		44B1001E28F487BB005B97EE /* SceneDelegate.swift */ = {isa = PBXFileReference; lastKnownFileType = sourcecode.swift; path = SceneDelegate.swift; sourceTree = "<group>"; };
		44B1002028F487BB005B97EE /* MainViewController.swift */ = {isa = PBXFileReference; lastKnownFileType = sourcecode.swift; path = MainViewController.swift; sourceTree = "<group>"; };
		44B1002328F487BB005B97EE /* Base */ = {isa = PBXFileReference; lastKnownFileType = file.storyboard; name = Base; path = Base.lproj/Main.storyboard; sourceTree = "<group>"; };
		44B1002628F487BB005B97EE /* GPS_Todo.xcdatamodel */ = {isa = PBXFileReference; lastKnownFileType = wrapper.xcdatamodel; path = GPS_Todo.xcdatamodel; sourceTree = "<group>"; };
		44B1002828F487BD005B97EE /* Assets.xcassets */ = {isa = PBXFileReference; lastKnownFileType = folder.assetcatalog; path = Assets.xcassets; sourceTree = "<group>"; };
		44B1002B28F487BD005B97EE /* Base */ = {isa = PBXFileReference; lastKnownFileType = file.storyboard; name = Base; path = Base.lproj/LaunchScreen.storyboard; sourceTree = "<group>"; };
		44B1002D28F487BD005B97EE /* Info.plist */ = {isa = PBXFileReference; lastKnownFileType = text.plist.xml; path = Info.plist; sourceTree = "<group>"; };
		44B1003228F487BD005B97EE /* GPS-TodoTests.xctest */ = {isa = PBXFileReference; explicitFileType = wrapper.cfbundle; includeInIndex = 0; path = "GPS-TodoTests.xctest"; sourceTree = BUILT_PRODUCTS_DIR; };
		44B1003628F487BD005B97EE /* GPS_TodoTests.swift */ = {isa = PBXFileReference; lastKnownFileType = sourcecode.swift; path = GPS_TodoTests.swift; sourceTree = "<group>"; };
		44B1003C28F487BD005B97EE /* GPS-TodoUITests.xctest */ = {isa = PBXFileReference; explicitFileType = wrapper.cfbundle; includeInIndex = 0; path = "GPS-TodoUITests.xctest"; sourceTree = BUILT_PRODUCTS_DIR; };
		44B1004028F487BD005B97EE /* GPS_TodoUITests.swift */ = {isa = PBXFileReference; lastKnownFileType = sourcecode.swift; path = GPS_TodoUITests.swift; sourceTree = "<group>"; };
		44B1004228F487BD005B97EE /* GPS_TodoUITestsLaunchTests.swift */ = {isa = PBXFileReference; lastKnownFileType = sourcecode.swift; path = GPS_TodoUITestsLaunchTests.swift; sourceTree = "<group>"; };
		44B1005128F48815005B97EE /* AssistantWatchForGPSTODO.app */ = {isa = PBXFileReference; explicitFileType = wrapper.application; includeInIndex = 0; path = AssistantWatchForGPSTODO.app; sourceTree = BUILT_PRODUCTS_DIR; };
		44B1005428F48815005B97EE /* Base */ = {isa = PBXFileReference; lastKnownFileType = file.storyboard; name = Base; path = Base.lproj/Interface.storyboard; sourceTree = "<group>"; };
		44B1005628F48816005B97EE /* Assets.xcassets */ = {isa = PBXFileReference; lastKnownFileType = folder.assetcatalog; path = Assets.xcassets; sourceTree = "<group>"; };
		44B1005C28F48816005B97EE /* AssistantWatchForGPSTODO WatchKit Extension.appex */ = {isa = PBXFileReference; explicitFileType = "wrapper.app-extension"; includeInIndex = 0; path = "AssistantWatchForGPSTODO WatchKit Extension.appex"; sourceTree = BUILT_PRODUCTS_DIR; };
		44B1006128F48817005B97EE /* InterfaceController.swift */ = {isa = PBXFileReference; lastKnownFileType = sourcecode.swift; path = InterfaceController.swift; sourceTree = "<group>"; };
		44B1006328F48817005B97EE /* ExtensionDelegate.swift */ = {isa = PBXFileReference; lastKnownFileType = sourcecode.swift; path = ExtensionDelegate.swift; sourceTree = "<group>"; };
		44B1006528F48817005B97EE /* NotificationController.swift */ = {isa = PBXFileReference; lastKnownFileType = sourcecode.swift; path = NotificationController.swift; sourceTree = "<group>"; };
		44B1006728F48817005B97EE /* ComplicationController.swift */ = {isa = PBXFileReference; lastKnownFileType = sourcecode.swift; path = ComplicationController.swift; sourceTree = "<group>"; };
		44B1006928F48818005B97EE /* Assets.xcassets */ = {isa = PBXFileReference; lastKnownFileType = folder.assetcatalog; path = Assets.xcassets; sourceTree = "<group>"; };
		44B1006B28F48818005B97EE /* Info.plist */ = {isa = PBXFileReference; lastKnownFileType = text.plist.xml; path = Info.plist; sourceTree = "<group>"; };
		44B1006C28F48818005B97EE /* PushNotificationPayload.apns */ = {isa = PBXFileReference; lastKnownFileType = text; path = PushNotificationPayload.apns; sourceTree = "<group>"; };
		44B1007828F48A99005B97EE /* GoogleService-Info.plist */ = {isa = PBXFileReference; fileEncoding = 4; lastKnownFileType = text.plist.xml; path = "GoogleService-Info.plist"; sourceTree = "<group>"; };
		44B1007B28F48D62005B97EE /* AdMob.swift */ = {isa = PBXFileReference; lastKnownFileType = sourcecode.swift; path = AdMob.swift; sourceTree = "<group>"; };
		44FA53B82912D0F900133A3E /* EndLocationTableViewCell.swift */ = {isa = PBXFileReference; lastKnownFileType = sourcecode.swift; path = EndLocationTableViewCell.swift; sourceTree = "<group>"; };
		44FA53B92912D0F900133A3E /* EndLocationTableViewCell.xib */ = {isa = PBXFileReference; lastKnownFileType = file.xib; path = EndLocationTableViewCell.xib; sourceTree = "<group>"; };
		44FA53BD2912D8AD00133A3E /* BehaviorRelay+.swift */ = {isa = PBXFileReference; lastKnownFileType = sourcecode.swift; path = "BehaviorRelay+.swift"; sourceTree = "<group>"; };
		44FA53C02913D5AE00133A3E /* TodoUpdateViewModel.swift */ = {isa = PBXFileReference; lastKnownFileType = sourcecode.swift; path = TodoUpdateViewModel.swift; sourceTree = "<group>"; };
		44FA53C229140CFC00133A3E /* Double+.swift */ = {isa = PBXFileReference; lastKnownFileType = sourcecode.swift; path = "Double+.swift"; sourceTree = "<group>"; };
		44FA53C429140ED900133A3E /* CoordInfo.swift */ = {isa = PBXFileReference; lastKnownFileType = sourcecode.swift; path = CoordInfo.swift; sourceTree = "<group>"; };
		44FA53C62914126900133A3E /* UISegmentControl.swift */ = {isa = PBXFileReference; lastKnownFileType = sourcecode.swift; path = UISegmentControl.swift; sourceTree = "<group>"; };
		44FA53CE2918191300133A3E /* CLLocationCoordinate2D+.swift */ = {isa = PBXFileReference; lastKnownFileType = sourcecode.swift; path = "CLLocationCoordinate2D+.swift"; sourceTree = "<group>"; };
		44FA53D0291966E000133A3E /* ScheduleSelectTableViewController.swift */ = {isa = PBXFileReference; lastKnownFileType = sourcecode.swift; path = ScheduleSelectTableViewController.swift; sourceTree = "<group>"; };
		44FA53D2291972D400133A3E /* TodoScheduleType.swift */ = {isa = PBXFileReference; lastKnownFileType = sourcecode.swift; path = TodoScheduleType.swift; sourceTree = "<group>"; };
		499114AF779D1C29EDF1C74E /* Pods-GPS-Todo.release.xcconfig */ = {isa = PBXFileReference; includeInIndex = 1; lastKnownFileType = text.xcconfig; name = "Pods-GPS-Todo.release.xcconfig"; path = "Target Support Files/Pods-GPS-Todo/Pods-GPS-Todo.release.xcconfig"; sourceTree = "<group>"; };
		4F0EF6AAD91320FAB531A021 /* Pods_GPS_Todo.framework */ = {isa = PBXFileReference; explicitFileType = wrapper.framework; includeInIndex = 0; path = Pods_GPS_Todo.framework; sourceTree = BUILT_PRODUCTS_DIR; };
		5160995558F6F0D7692A99F0 /* Pods-AssistantWatchForGPSTODO.debug.xcconfig */ = {isa = PBXFileReference; includeInIndex = 1; lastKnownFileType = text.xcconfig; name = "Pods-AssistantWatchForGPSTODO.debug.xcconfig"; path = "Target Support Files/Pods-AssistantWatchForGPSTODO/Pods-AssistantWatchForGPSTODO.debug.xcconfig"; sourceTree = "<group>"; };
		522801150E1F54592392F85C /* Pods_AssistantWatchForGPSTODO_WatchKit_Extension.framework */ = {isa = PBXFileReference; explicitFileType = wrapper.framework; includeInIndex = 0; path = Pods_AssistantWatchForGPSTODO_WatchKit_Extension.framework; sourceTree = BUILT_PRODUCTS_DIR; };
		5CAFEC4803F285F1C6EE38BD /* Pods-AssistantWatchForGPSTODO WatchKit Extension.debug.xcconfig */ = {isa = PBXFileReference; includeInIndex = 1; lastKnownFileType = text.xcconfig; name = "Pods-AssistantWatchForGPSTODO WatchKit Extension.debug.xcconfig"; path = "Target Support Files/Pods-AssistantWatchForGPSTODO WatchKit Extension/Pods-AssistantWatchForGPSTODO WatchKit Extension.debug.xcconfig"; sourceTree = "<group>"; };
		5D02B269BDCD0FCEAA41D3EF /* Pods_GPS_Todo_GPS_TodoUITests.framework */ = {isa = PBXFileReference; explicitFileType = wrapper.framework; includeInIndex = 0; path = Pods_GPS_Todo_GPS_TodoUITests.framework; sourceTree = BUILT_PRODUCTS_DIR; };
		793814F44560494805B36D68 /* Pods-AssistantWatchForGPSTODO.release.xcconfig */ = {isa = PBXFileReference; includeInIndex = 1; lastKnownFileType = text.xcconfig; name = "Pods-AssistantWatchForGPSTODO.release.xcconfig"; path = "Target Support Files/Pods-AssistantWatchForGPSTODO/Pods-AssistantWatchForGPSTODO.release.xcconfig"; sourceTree = "<group>"; };
		7F4B293F0391A6747641E212 /* Pods_AssistantWatchForGPSTODO.framework */ = {isa = PBXFileReference; explicitFileType = wrapper.framework; includeInIndex = 0; path = Pods_AssistantWatchForGPSTODO.framework; sourceTree = BUILT_PRODUCTS_DIR; };
		872CF28F35100E4089DE15B3 /* Pods-AssistantWatchForGPSTODO WatchKit Extension.release.xcconfig */ = {isa = PBXFileReference; includeInIndex = 1; lastKnownFileType = text.xcconfig; name = "Pods-AssistantWatchForGPSTODO WatchKit Extension.release.xcconfig"; path = "Target Support Files/Pods-AssistantWatchForGPSTODO WatchKit Extension/Pods-AssistantWatchForGPSTODO WatchKit Extension.release.xcconfig"; sourceTree = "<group>"; };
		C125AEA4AAEAABAC7C7F6A0D /* Pods-GPS-Todo.debug.xcconfig */ = {isa = PBXFileReference; includeInIndex = 1; lastKnownFileType = text.xcconfig; name = "Pods-GPS-Todo.debug.xcconfig"; path = "Target Support Files/Pods-GPS-Todo/Pods-GPS-Todo.debug.xcconfig"; sourceTree = "<group>"; };
		E63EDE213F0A8703D6C3EEBB /* Pods_GPS_TodoTests.framework */ = {isa = PBXFileReference; explicitFileType = wrapper.framework; includeInIndex = 0; path = Pods_GPS_TodoTests.framework; sourceTree = BUILT_PRODUCTS_DIR; };
		EA03BABA840F7C606EEC1793 /* Pods-GPS-TodoTests.debug.xcconfig */ = {isa = PBXFileReference; includeInIndex = 1; lastKnownFileType = text.xcconfig; name = "Pods-GPS-TodoTests.debug.xcconfig"; path = "Target Support Files/Pods-GPS-TodoTests/Pods-GPS-TodoTests.debug.xcconfig"; sourceTree = "<group>"; };
		F0B758E41FE04A679F83EFB4 /* Pods-GPS-Todo-GPS-TodoUITests.release.xcconfig */ = {isa = PBXFileReference; includeInIndex = 1; lastKnownFileType = text.xcconfig; name = "Pods-GPS-Todo-GPS-TodoUITests.release.xcconfig"; path = "Target Support Files/Pods-GPS-Todo-GPS-TodoUITests/Pods-GPS-Todo-GPS-TodoUITests.release.xcconfig"; sourceTree = "<group>"; };
/* End PBXFileReference section */

/* Begin PBXFrameworksBuildPhase section */
		09DBB9F4BEA477176B1AB4BF /* Frameworks */ = {
			isa = PBXFrameworksBuildPhase;
			buildActionMask = 2147483647;
			files = (
				C5CBFCFEF351F5EAEDDE666E /* Pods_AssistantWatchForGPSTODO.framework in Frameworks */,
			);
			runOnlyForDeploymentPostprocessing = 0;
		};
		44B1001628F487BB005B97EE /* Frameworks */ = {
			isa = PBXFrameworksBuildPhase;
			buildActionMask = 2147483647;
			files = (
				4437F1D9290C4A1B0034624B /* BGSMM_DevKit in Frameworks */,
				3234150654337ED332B97698 /* Pods_GPS_Todo.framework in Frameworks */,
				44FA53CD2916D32000133A3E /* IQKeyboardManagerSwift in Frameworks */,
			);
			runOnlyForDeploymentPostprocessing = 0;
		};
		44B1002F28F487BD005B97EE /* Frameworks */ = {
			isa = PBXFrameworksBuildPhase;
			buildActionMask = 2147483647;
			files = (
				816DA937E2BD09D56FA9EE31 /* Pods_GPS_TodoTests.framework in Frameworks */,
			);
			runOnlyForDeploymentPostprocessing = 0;
		};
		44B1003928F487BD005B97EE /* Frameworks */ = {
			isa = PBXFrameworksBuildPhase;
			buildActionMask = 2147483647;
			files = (
				CAF728119A73F34730E2D763 /* Pods_GPS_Todo_GPS_TodoUITests.framework in Frameworks */,
			);
			runOnlyForDeploymentPostprocessing = 0;
		};
		44B1005928F48816005B97EE /* Frameworks */ = {
			isa = PBXFrameworksBuildPhase;
			buildActionMask = 2147483647;
			files = (
				D41220678A2E00DD25BA2D04 /* Pods_AssistantWatchForGPSTODO_WatchKit_Extension.framework in Frameworks */,
			);
			runOnlyForDeploymentPostprocessing = 0;
		};
/* End PBXFrameworksBuildPhase section */

/* Begin PBXGroup section */
		44298BAC28FDB70500C3D4DA /* ViewController */ = {
			isa = PBXGroup;
			children = (
				4437F1E629101CAD0034624B /* TodoList */,
				44298BAF28FDC0B800C3D4DA /* FUI_SubViewController */,
				44B1002028F487BB005B97EE /* MainViewController.swift */,
			);
			path = ViewController;
			sourceTree = "<group>";
		};
		44298BAF28FDC0B800C3D4DA /* FUI_SubViewController */ = {
			isa = PBXGroup;
			children = (
				4437F1AC290599A40034624B /* Backup */,
				44298BAD28FDB71E00C3D4DA /* LoginCustomViewController.swift */,
				44298BB72900707E00C3D4DA /* PasswordSignUpViewController.swift */,
				44298BB82900707E00C3D4DA /* PasswordSignUpViewController.xib */,
				4437F1AD29059A2C0034624B /* EmailEntryViewController.swift */,
				4437F1AE29059A2C0034624B /* EmailEntryViewController.xib */,
			);
			path = FUI_SubViewController;
			sourceTree = "<group>";
		};
		44298BB328FF19CC00C3D4DA /* Firebase */ = {
			isa = PBXGroup;
			children = (
				44298BB428FF19D200C3D4DA /* Util */,
				4437F1DA290C4D050034624B /* FirestoreTodo.swift */,
			);
			path = Firebase;
			sourceTree = "<group>";
		};
		44298BB428FF19D200C3D4DA /* Util */ = {
			isa = PBXGroup;
			children = (
				44298BB528FF19F000C3D4DA /* RandomNonceString.swift */,
			);
			path = Util;
			sourceTree = "<group>";
		};
		4437F1A8290595600034624B /* ViewModel */ = {
			isa = PBXGroup;
			children = (
				44FA53BF2913D55100133A3E /* TodoList */,
				4437F1A92905956D0034624B /* FUI_SubView */,
			);
			path = ViewModel;
			sourceTree = "<group>";
		};
		4437F1A92905956D0034624B /* FUI_SubView */ = {
			isa = PBXGroup;
			children = (
				4437F1AA2905957F0034624B /* PasswordSignUpViewModel.swift */,
			);
			path = FUI_SubView;
			sourceTree = "<group>";
		};
		4437F1AC290599A40034624B /* Backup */ = {
			isa = PBXGroup;
			children = (
				44298BBB2900728500C3D4DA /* FUIAdvancedPasswordSignUpViewController.h_backup */,
				44298BBE2900738500C3D4DA /* FUIAdvancedPasswordSignUpViewController.xib_backup */,
				44298BBC290072A800C3D4DA /* FUIAdvancedPasswordSignUpViewController.m_backup */,
			);
			path = Backup;
			sourceTree = "<group>";
		};
		4437F1DC290C4D860034624B /* ValueObject */ = {
			isa = PBXGroup;
			children = (
				4437F1DD290C4D910034624B /* Firebase */,
			);
			path = ValueObject;
			sourceTree = "<group>";
		};
		4437F1DD290C4D910034624B /* Firebase */ = {
			isa = PBXGroup;
			children = (
				4437F1DE290C4D9B0034624B /* Todo.swift */,
				44FA53C429140ED900133A3E /* CoordInfo.swift */,
				44FA53D2291972D400133A3E /* TodoScheduleType.swift */,
			);
			path = Firebase;
			sourceTree = "<group>";
		};
		4437F1E629101CAD0034624B /* TodoList */ = {
			isa = PBXGroup;
			children = (
				4437F1E0290C50A00034624B /* TodoListTableViewController.swift */,
				4437F1E4290D989B0034624B /* TodoUpdateTableViewController.swift */,
				4437F1E2290C5B150034624B /* TodoDetailTableViewController.swift */,
				44FA53D0291966E000133A3E /* ScheduleSelectTableViewController.swift */,
			);
			path = TodoList;
			sourceTree = "<group>";
		};
		4437F1E7291023380034624B /* Wrapper */ = {
			isa = PBXGroup;
			children = (
				4437F1E8291023810034624B /* GPSLocationManager.swift */,
			);
			path = Wrapper;
			sourceTree = "<group>";
		};
		4437F1EA29102A2D0034624B /* Extension */ = {
			isa = PBXGroup;
			children = (
				44FA53BC2912D89C00133A3E /* RxSwift */,
				4437F1EB29102A380034624B /* MKMapView+.swift */,
				44FA53C229140CFC00133A3E /* Double+.swift */,
				44FA53C62914126900133A3E /* UISegmentControl.swift */,
				44FA53CE2918191300133A3E /* CLLocationCoordinate2D+.swift */,
			);
			path = Extension;
			sourceTree = "<group>";
		};
		44B1001028F487BB005B97EE = {
			isa = PBXGroup;
			children = (
				44B1001B28F487BB005B97EE /* GPS-Todo */,
				44B1003528F487BD005B97EE /* GPS-TodoTests */,
				44B1003F28F487BD005B97EE /* GPS-TodoUITests */,
				44B1005228F48815005B97EE /* AssistantWatchForGPSTODO */,
				44B1006028F48817005B97EE /* AssistantWatchForGPSTODO WatchKit Extension */,
				44B1001A28F487BB005B97EE /* Products */,
				F97C51861837238C9458B50D /* Pods */,
				83B668C12008FB5F086EC33B /* Frameworks */,
			);
			sourceTree = "<group>";
		};
		44B1001A28F487BB005B97EE /* Products */ = {
			isa = PBXGroup;
			children = (
				44B1001928F487BB005B97EE /* GPS-Todo.app */,
				44B1003228F487BD005B97EE /* GPS-TodoTests.xctest */,
				44B1003C28F487BD005B97EE /* GPS-TodoUITests.xctest */,
				44B1005128F48815005B97EE /* AssistantWatchForGPSTODO.app */,
				44B1005C28F48816005B97EE /* AssistantWatchForGPSTODO WatchKit Extension.appex */,
			);
			name = Products;
			sourceTree = "<group>";
		};
		44B1001B28F487BB005B97EE /* GPS-Todo */ = {
			isa = PBXGroup;
			children = (
				44FA53B42912D0AF00133A3E /* View */,
				4437F1EA29102A2D0034624B /* Extension */,
				4437F1E7291023380034624B /* Wrapper */,
				4437F1DC290C4D860034624B /* ValueObject */,
				4437F1A8290595600034624B /* ViewModel */,
				44298BB328FF19CC00C3D4DA /* Firebase */,
				44298BB228FF168900C3D4DA /* GPS-Todo.entitlements */,
				44298BAC28FDB70500C3D4DA /* ViewController */,
				44B1007A28F48D4F005B97EE /* AdMob */,
				44B1001C28F487BB005B97EE /* AppDelegate.swift */,
				44B1007828F48A99005B97EE /* GoogleService-Info.plist */,
				44B1001E28F487BB005B97EE /* SceneDelegate.swift */,
				44B1002228F487BB005B97EE /* Main.storyboard */,
				44B1002828F487BD005B97EE /* Assets.xcassets */,
				44B1002A28F487BD005B97EE /* LaunchScreen.storyboard */,
				44B1002D28F487BD005B97EE /* Info.plist */,
				44B1002528F487BB005B97EE /* GPS_Todo.xcdatamodeld */,
			);
			path = "GPS-Todo";
			sourceTree = "<group>";
		};
		44B1003528F487BD005B97EE /* GPS-TodoTests */ = {
			isa = PBXGroup;
			children = (
				44B1003628F487BD005B97EE /* GPS_TodoTests.swift */,
			);
			path = "GPS-TodoTests";
			sourceTree = "<group>";
		};
		44B1003F28F487BD005B97EE /* GPS-TodoUITests */ = {
			isa = PBXGroup;
			children = (
				44B1004028F487BD005B97EE /* GPS_TodoUITests.swift */,
				44B1004228F487BD005B97EE /* GPS_TodoUITestsLaunchTests.swift */,
			);
			path = "GPS-TodoUITests";
			sourceTree = "<group>";
		};
		44B1005228F48815005B97EE /* AssistantWatchForGPSTODO */ = {
			isa = PBXGroup;
			children = (
				44B1005328F48815005B97EE /* Interface.storyboard */,
				44B1005628F48816005B97EE /* Assets.xcassets */,
			);
			path = AssistantWatchForGPSTODO;
			sourceTree = "<group>";
		};
		44B1006028F48817005B97EE /* AssistantWatchForGPSTODO WatchKit Extension */ = {
			isa = PBXGroup;
			children = (
				44B1006128F48817005B97EE /* InterfaceController.swift */,
				44B1006328F48817005B97EE /* ExtensionDelegate.swift */,
				44B1006528F48817005B97EE /* NotificationController.swift */,
				44B1006728F48817005B97EE /* ComplicationController.swift */,
				44B1006928F48818005B97EE /* Assets.xcassets */,
				44B1006B28F48818005B97EE /* Info.plist */,
				44B1006C28F48818005B97EE /* PushNotificationPayload.apns */,
			);
			path = "AssistantWatchForGPSTODO WatchKit Extension";
			sourceTree = "<group>";
		};
		44B1007A28F48D4F005B97EE /* AdMob */ = {
			isa = PBXGroup;
			children = (
				44B1007B28F48D62005B97EE /* AdMob.swift */,
			);
			path = AdMob;
			sourceTree = "<group>";
		};
		44FA53B42912D0AF00133A3E /* View */ = {
			isa = PBXGroup;
			children = (
				44FA53B52912D0B500133A3E /* Cell */,
			);
			path = View;
			sourceTree = "<group>";
		};
		44FA53B52912D0B500133A3E /* Cell */ = {
			isa = PBXGroup;
			children = (
				44FA53B82912D0F900133A3E /* EndLocationTableViewCell.swift */,
				44FA53B92912D0F900133A3E /* EndLocationTableViewCell.xib */,
			);
			path = Cell;
			sourceTree = "<group>";
		};
		44FA53BC2912D89C00133A3E /* RxSwift */ = {
			isa = PBXGroup;
			children = (
				44FA53BD2912D8AD00133A3E /* BehaviorRelay+.swift */,
			);
			path = RxSwift;
			sourceTree = "<group>";
		};
		44FA53BF2913D55100133A3E /* TodoList */ = {
			isa = PBXGroup;
			children = (
				44FA53C02913D5AE00133A3E /* TodoUpdateViewModel.swift */,
			);
			path = TodoList;
			sourceTree = "<group>";
		};
		83B668C12008FB5F086EC33B /* Frameworks */ = {
			isa = PBXGroup;
			children = (
				7F4B293F0391A6747641E212 /* Pods_AssistantWatchForGPSTODO.framework */,
				522801150E1F54592392F85C /* Pods_AssistantWatchForGPSTODO_WatchKit_Extension.framework */,
				4F0EF6AAD91320FAB531A021 /* Pods_GPS_Todo.framework */,
				5D02B269BDCD0FCEAA41D3EF /* Pods_GPS_Todo_GPS_TodoUITests.framework */,
				E63EDE213F0A8703D6C3EEBB /* Pods_GPS_TodoTests.framework */,
			);
			name = Frameworks;
			sourceTree = "<group>";
		};
		F97C51861837238C9458B50D /* Pods */ = {
			isa = PBXGroup;
			children = (
				5160995558F6F0D7692A99F0 /* Pods-AssistantWatchForGPSTODO.debug.xcconfig */,
				793814F44560494805B36D68 /* Pods-AssistantWatchForGPSTODO.release.xcconfig */,
				5CAFEC4803F285F1C6EE38BD /* Pods-AssistantWatchForGPSTODO WatchKit Extension.debug.xcconfig */,
				872CF28F35100E4089DE15B3 /* Pods-AssistantWatchForGPSTODO WatchKit Extension.release.xcconfig */,
				C125AEA4AAEAABAC7C7F6A0D /* Pods-GPS-Todo.debug.xcconfig */,
				499114AF779D1C29EDF1C74E /* Pods-GPS-Todo.release.xcconfig */,
				11BFA085E9979C0223E22AA5 /* Pods-GPS-Todo-GPS-TodoUITests.debug.xcconfig */,
				F0B758E41FE04A679F83EFB4 /* Pods-GPS-Todo-GPS-TodoUITests.release.xcconfig */,
				EA03BABA840F7C606EEC1793 /* Pods-GPS-TodoTests.debug.xcconfig */,
				15AEDB290DCFBA0987E701E4 /* Pods-GPS-TodoTests.release.xcconfig */,
			);
			path = Pods;
			sourceTree = "<group>";
		};
/* End PBXGroup section */

/* Begin PBXNativeTarget section */
		44B1001828F487BB005B97EE /* GPS-Todo */ = {
			isa = PBXNativeTarget;
			buildConfigurationList = 44B1004628F487BD005B97EE /* Build configuration list for PBXNativeTarget "GPS-Todo" */;
			buildPhases = (
				D0D7AB040C25EBF6FE7B9933 /* [CP] Check Pods Manifest.lock */,
				44B1001528F487BB005B97EE /* Sources */,
				44B1001628F487BB005B97EE /* Frameworks */,
				44B1001728F487BB005B97EE /* Resources */,
				44B1007728F48818005B97EE /* Embed Watch Content */,
				E53A666008306496C8203C7F /* [CP] Embed Pods Frameworks */,
			);
			buildRules = (
			);
			dependencies = (
				44B1006E28F48818005B97EE /* PBXTargetDependency */,
			);
			name = "GPS-Todo";
			packageProductDependencies = (
				4437F1D8290C4A1B0034624B /* BGSMM_DevKit */,
				44FA53CC2916D32000133A3E /* IQKeyboardManagerSwift */,
			);
			productName = "GPS-Todo";
			productReference = 44B1001928F487BB005B97EE /* GPS-Todo.app */;
			productType = "com.apple.product-type.application";
		};
		44B1003128F487BD005B97EE /* GPS-TodoTests */ = {
			isa = PBXNativeTarget;
			buildConfigurationList = 44B1004928F487BD005B97EE /* Build configuration list for PBXNativeTarget "GPS-TodoTests" */;
			buildPhases = (
				8D2099C8747185AB2A853263 /* [CP] Check Pods Manifest.lock */,
				44B1002E28F487BD005B97EE /* Sources */,
				44B1002F28F487BD005B97EE /* Frameworks */,
				44B1003028F487BD005B97EE /* Resources */,
				77AA826DB0E8F7EC1012703F /* [CP] Embed Pods Frameworks */,
			);
			buildRules = (
			);
			dependencies = (
				44B1003428F487BD005B97EE /* PBXTargetDependency */,
			);
			name = "GPS-TodoTests";
			productName = "GPS-TodoTests";
			productReference = 44B1003228F487BD005B97EE /* GPS-TodoTests.xctest */;
			productType = "com.apple.product-type.bundle.unit-test";
		};
		44B1003B28F487BD005B97EE /* GPS-TodoUITests */ = {
			isa = PBXNativeTarget;
			buildConfigurationList = 44B1004C28F487BD005B97EE /* Build configuration list for PBXNativeTarget "GPS-TodoUITests" */;
			buildPhases = (
				88F6E2E4B668628CD469229E /* [CP] Check Pods Manifest.lock */,
				44B1003828F487BD005B97EE /* Sources */,
				44B1003928F487BD005B97EE /* Frameworks */,
				44B1003A28F487BD005B97EE /* Resources */,
				D4B880A2FE02F9AFAB5A1C63 /* [CP] Embed Pods Frameworks */,
			);
			buildRules = (
			);
			dependencies = (
				44B1003E28F487BD005B97EE /* PBXTargetDependency */,
			);
			name = "GPS-TodoUITests";
			productName = "GPS-TodoUITests";
			productReference = 44B1003C28F487BD005B97EE /* GPS-TodoUITests.xctest */;
			productType = "com.apple.product-type.bundle.ui-testing";
		};
		44B1005028F48815005B97EE /* AssistantWatchForGPSTODO */ = {
			isa = PBXNativeTarget;
			buildConfigurationList = 44B1007428F48818005B97EE /* Build configuration list for PBXNativeTarget "AssistantWatchForGPSTODO" */;
			buildPhases = (
				FD890E18FD7F1A2912AA2CE1 /* [CP] Check Pods Manifest.lock */,
				44B1004F28F48815005B97EE /* Resources */,
				44B1007328F48818005B97EE /* Embed App Extensions */,
				09DBB9F4BEA477176B1AB4BF /* Frameworks */,
			);
			buildRules = (
			);
			dependencies = (
				44B1005F28F48817005B97EE /* PBXTargetDependency */,
			);
			name = AssistantWatchForGPSTODO;
			productName = AssistantWatchForGPSTODO;
			productReference = 44B1005128F48815005B97EE /* AssistantWatchForGPSTODO.app */;
			productType = "com.apple.product-type.application.watchapp2";
		};
		44B1005B28F48816005B97EE /* AssistantWatchForGPSTODO WatchKit Extension */ = {
			isa = PBXNativeTarget;
			buildConfigurationList = 44B1007028F48818005B97EE /* Build configuration list for PBXNativeTarget "AssistantWatchForGPSTODO WatchKit Extension" */;
			buildPhases = (
				2B06C4ABC38B21389FC7C38E /* [CP] Check Pods Manifest.lock */,
				44B1005828F48816005B97EE /* Sources */,
				44B1005928F48816005B97EE /* Frameworks */,
				44B1005A28F48816005B97EE /* Resources */,
			);
			buildRules = (
			);
			dependencies = (
			);
			name = "AssistantWatchForGPSTODO WatchKit Extension";
			productName = "AssistantWatchForGPSTODO WatchKit Extension";
			productReference = 44B1005C28F48816005B97EE /* AssistantWatchForGPSTODO WatchKit Extension.appex */;
			productType = "com.apple.product-type.watchkit2-extension";
		};
/* End PBXNativeTarget section */

/* Begin PBXProject section */
		44B1001128F487BB005B97EE /* Project object */ = {
			isa = PBXProject;
			attributes = {
				BuildIndependentTargetsInParallel = 1;
				LastSwiftUpdateCheck = 1330;
				LastUpgradeCheck = 1330;
				TargetAttributes = {
					44B1001828F487BB005B97EE = {
						CreatedOnToolsVersion = 13.3.1;
						LastSwiftMigration = 1330;
					};
					44B1003128F487BD005B97EE = {
						CreatedOnToolsVersion = 13.3.1;
						TestTargetID = 44B1001828F487BB005B97EE;
					};
					44B1003B28F487BD005B97EE = {
						CreatedOnToolsVersion = 13.3.1;
						TestTargetID = 44B1001828F487BB005B97EE;
					};
					44B1005028F48815005B97EE = {
						CreatedOnToolsVersion = 13.3.1;
					};
					44B1005B28F48816005B97EE = {
						CreatedOnToolsVersion = 13.3.1;
					};
				};
			};
			buildConfigurationList = 44B1001428F487BB005B97EE /* Build configuration list for PBXProject "GPS-Todo" */;
			compatibilityVersion = "Xcode 13.0";
			developmentRegion = en;
			hasScannedForEncodings = 0;
			knownRegions = (
				en,
				Base,
			);
			mainGroup = 44B1001028F487BB005B97EE;
			packageReferences = (
				4437F1D7290C4A1A0034624B /* XCRemoteSwiftPackageReference "BGSMM_DevKit" */,
				44FA53CB2916D32000133A3E /* XCRemoteSwiftPackageReference "IQKeyboardManager" */,
			);
			productRefGroup = 44B1001A28F487BB005B97EE /* Products */;
			projectDirPath = "";
			projectRoot = "";
			targets = (
				44B1001828F487BB005B97EE /* GPS-Todo */,
				44B1003128F487BD005B97EE /* GPS-TodoTests */,
				44B1003B28F487BD005B97EE /* GPS-TodoUITests */,
				44B1005028F48815005B97EE /* AssistantWatchForGPSTODO */,
				44B1005B28F48816005B97EE /* AssistantWatchForGPSTODO WatchKit Extension */,
			);
		};
/* End PBXProject section */

/* Begin PBXResourcesBuildPhase section */
		44B1001728F487BB005B97EE /* Resources */ = {
			isa = PBXResourcesBuildPhase;
			buildActionMask = 2147483647;
			files = (
				44FA53BB2912D0F900133A3E /* EndLocationTableViewCell.xib in Resources */,
				44B1002C28F487BD005B97EE /* LaunchScreen.storyboard in Resources */,
				44B1007928F48A99005B97EE /* GoogleService-Info.plist in Resources */,
				44298BBF2900738500C3D4DA /* FUIAdvancedPasswordSignUpViewController.xib_backup in Resources */,
				44298BBA2900707F00C3D4DA /* PasswordSignUpViewController.xib in Resources */,
				44B1002928F487BD005B97EE /* Assets.xcassets in Resources */,
				44B1002428F487BB005B97EE /* Main.storyboard in Resources */,
				4437F1B029059A2C0034624B /* EmailEntryViewController.xib in Resources */,
			);
			runOnlyForDeploymentPostprocessing = 0;
		};
		44B1003028F487BD005B97EE /* Resources */ = {
			isa = PBXResourcesBuildPhase;
			buildActionMask = 2147483647;
			files = (
			);
			runOnlyForDeploymentPostprocessing = 0;
		};
		44B1003A28F487BD005B97EE /* Resources */ = {
			isa = PBXResourcesBuildPhase;
			buildActionMask = 2147483647;
			files = (
			);
			runOnlyForDeploymentPostprocessing = 0;
		};
		44B1004F28F48815005B97EE /* Resources */ = {
			isa = PBXResourcesBuildPhase;
			buildActionMask = 2147483647;
			files = (
				44B1005728F48816005B97EE /* Assets.xcassets in Resources */,
				44B1005528F48815005B97EE /* Interface.storyboard in Resources */,
			);
			runOnlyForDeploymentPostprocessing = 0;
		};
		44B1005A28F48816005B97EE /* Resources */ = {
			isa = PBXResourcesBuildPhase;
			buildActionMask = 2147483647;
			files = (
				44B1006A28F48818005B97EE /* Assets.xcassets in Resources */,
			);
			runOnlyForDeploymentPostprocessing = 0;
		};
/* End PBXResourcesBuildPhase section */

/* Begin PBXShellScriptBuildPhase section */
		2B06C4ABC38B21389FC7C38E /* [CP] Check Pods Manifest.lock */ = {
			isa = PBXShellScriptBuildPhase;
			buildActionMask = 2147483647;
			files = (
			);
			inputFileListPaths = (
			);
			inputPaths = (
				"${PODS_PODFILE_DIR_PATH}/Podfile.lock",
				"${PODS_ROOT}/Manifest.lock",
			);
			name = "[CP] Check Pods Manifest.lock";
			outputFileListPaths = (
			);
			outputPaths = (
				"$(DERIVED_FILE_DIR)/Pods-AssistantWatchForGPSTODO WatchKit Extension-checkManifestLockResult.txt",
			);
			runOnlyForDeploymentPostprocessing = 0;
			shellPath = /bin/sh;
			shellScript = "diff \"${PODS_PODFILE_DIR_PATH}/Podfile.lock\" \"${PODS_ROOT}/Manifest.lock\" > /dev/null\nif [ $? != 0 ] ; then\n    # print error to STDERR\n    echo \"error: The sandbox is not in sync with the Podfile.lock. Run 'pod install' or update your CocoaPods installation.\" >&2\n    exit 1\nfi\n# This output is used by Xcode 'outputs' to avoid re-running this script phase.\necho \"SUCCESS\" > \"${SCRIPT_OUTPUT_FILE_0}\"\n";
			showEnvVarsInLog = 0;
		};
		77AA826DB0E8F7EC1012703F /* [CP] Embed Pods Frameworks */ = {
			isa = PBXShellScriptBuildPhase;
			buildActionMask = 2147483647;
			files = (
			);
			inputFileListPaths = (
				"${PODS_ROOT}/Target Support Files/Pods-GPS-TodoTests/Pods-GPS-TodoTests-frameworks-${CONFIGURATION}-input-files.xcfilelist",
			);
			name = "[CP] Embed Pods Frameworks";
			outputFileListPaths = (
				"${PODS_ROOT}/Target Support Files/Pods-GPS-TodoTests/Pods-GPS-TodoTests-frameworks-${CONFIGURATION}-output-files.xcfilelist",
			);
			runOnlyForDeploymentPostprocessing = 0;
			shellPath = /bin/sh;
			shellScript = "\"${PODS_ROOT}/Target Support Files/Pods-GPS-TodoTests/Pods-GPS-TodoTests-frameworks.sh\"\n";
			showEnvVarsInLog = 0;
		};
		88F6E2E4B668628CD469229E /* [CP] Check Pods Manifest.lock */ = {
			isa = PBXShellScriptBuildPhase;
			buildActionMask = 2147483647;
			files = (
			);
			inputFileListPaths = (
			);
			inputPaths = (
				"${PODS_PODFILE_DIR_PATH}/Podfile.lock",
				"${PODS_ROOT}/Manifest.lock",
			);
			name = "[CP] Check Pods Manifest.lock";
			outputFileListPaths = (
			);
			outputPaths = (
				"$(DERIVED_FILE_DIR)/Pods-GPS-Todo-GPS-TodoUITests-checkManifestLockResult.txt",
			);
			runOnlyForDeploymentPostprocessing = 0;
			shellPath = /bin/sh;
			shellScript = "diff \"${PODS_PODFILE_DIR_PATH}/Podfile.lock\" \"${PODS_ROOT}/Manifest.lock\" > /dev/null\nif [ $? != 0 ] ; then\n    # print error to STDERR\n    echo \"error: The sandbox is not in sync with the Podfile.lock. Run 'pod install' or update your CocoaPods installation.\" >&2\n    exit 1\nfi\n# This output is used by Xcode 'outputs' to avoid re-running this script phase.\necho \"SUCCESS\" > \"${SCRIPT_OUTPUT_FILE_0}\"\n";
			showEnvVarsInLog = 0;
		};
		8D2099C8747185AB2A853263 /* [CP] Check Pods Manifest.lock */ = {
			isa = PBXShellScriptBuildPhase;
			buildActionMask = 2147483647;
			files = (
			);
			inputFileListPaths = (
			);
			inputPaths = (
				"${PODS_PODFILE_DIR_PATH}/Podfile.lock",
				"${PODS_ROOT}/Manifest.lock",
			);
			name = "[CP] Check Pods Manifest.lock";
			outputFileListPaths = (
			);
			outputPaths = (
				"$(DERIVED_FILE_DIR)/Pods-GPS-TodoTests-checkManifestLockResult.txt",
			);
			runOnlyForDeploymentPostprocessing = 0;
			shellPath = /bin/sh;
			shellScript = "diff \"${PODS_PODFILE_DIR_PATH}/Podfile.lock\" \"${PODS_ROOT}/Manifest.lock\" > /dev/null\nif [ $? != 0 ] ; then\n    # print error to STDERR\n    echo \"error: The sandbox is not in sync with the Podfile.lock. Run 'pod install' or update your CocoaPods installation.\" >&2\n    exit 1\nfi\n# This output is used by Xcode 'outputs' to avoid re-running this script phase.\necho \"SUCCESS\" > \"${SCRIPT_OUTPUT_FILE_0}\"\n";
			showEnvVarsInLog = 0;
		};
		D0D7AB040C25EBF6FE7B9933 /* [CP] Check Pods Manifest.lock */ = {
			isa = PBXShellScriptBuildPhase;
			buildActionMask = 2147483647;
			files = (
			);
			inputFileListPaths = (
			);
			inputPaths = (
				"${PODS_PODFILE_DIR_PATH}/Podfile.lock",
				"${PODS_ROOT}/Manifest.lock",
			);
			name = "[CP] Check Pods Manifest.lock";
			outputFileListPaths = (
			);
			outputPaths = (
				"$(DERIVED_FILE_DIR)/Pods-GPS-Todo-checkManifestLockResult.txt",
			);
			runOnlyForDeploymentPostprocessing = 0;
			shellPath = /bin/sh;
			shellScript = "diff \"${PODS_PODFILE_DIR_PATH}/Podfile.lock\" \"${PODS_ROOT}/Manifest.lock\" > /dev/null\nif [ $? != 0 ] ; then\n    # print error to STDERR\n    echo \"error: The sandbox is not in sync with the Podfile.lock. Run 'pod install' or update your CocoaPods installation.\" >&2\n    exit 1\nfi\n# This output is used by Xcode 'outputs' to avoid re-running this script phase.\necho \"SUCCESS\" > \"${SCRIPT_OUTPUT_FILE_0}\"\n";
			showEnvVarsInLog = 0;
		};
		D4B880A2FE02F9AFAB5A1C63 /* [CP] Embed Pods Frameworks */ = {
			isa = PBXShellScriptBuildPhase;
			buildActionMask = 2147483647;
			files = (
			);
			inputFileListPaths = (
				"${PODS_ROOT}/Target Support Files/Pods-GPS-Todo-GPS-TodoUITests/Pods-GPS-Todo-GPS-TodoUITests-frameworks-${CONFIGURATION}-input-files.xcfilelist",
			);
			name = "[CP] Embed Pods Frameworks";
			outputFileListPaths = (
				"${PODS_ROOT}/Target Support Files/Pods-GPS-Todo-GPS-TodoUITests/Pods-GPS-Todo-GPS-TodoUITests-frameworks-${CONFIGURATION}-output-files.xcfilelist",
			);
			runOnlyForDeploymentPostprocessing = 0;
			shellPath = /bin/sh;
			shellScript = "\"${PODS_ROOT}/Target Support Files/Pods-GPS-Todo-GPS-TodoUITests/Pods-GPS-Todo-GPS-TodoUITests-frameworks.sh\"\n";
			showEnvVarsInLog = 0;
		};
		E53A666008306496C8203C7F /* [CP] Embed Pods Frameworks */ = {
			isa = PBXShellScriptBuildPhase;
			buildActionMask = 2147483647;
			files = (
			);
			inputFileListPaths = (
				"${PODS_ROOT}/Target Support Files/Pods-GPS-Todo/Pods-GPS-Todo-frameworks-${CONFIGURATION}-input-files.xcfilelist",
			);
			name = "[CP] Embed Pods Frameworks";
			outputFileListPaths = (
				"${PODS_ROOT}/Target Support Files/Pods-GPS-Todo/Pods-GPS-Todo-frameworks-${CONFIGURATION}-output-files.xcfilelist",
			);
			runOnlyForDeploymentPostprocessing = 0;
			shellPath = /bin/sh;
			shellScript = "\"${PODS_ROOT}/Target Support Files/Pods-GPS-Todo/Pods-GPS-Todo-frameworks.sh\"\n";
			showEnvVarsInLog = 0;
		};
		FD890E18FD7F1A2912AA2CE1 /* [CP] Check Pods Manifest.lock */ = {
			isa = PBXShellScriptBuildPhase;
			buildActionMask = 2147483647;
			files = (
			);
			inputFileListPaths = (
			);
			inputPaths = (
				"${PODS_PODFILE_DIR_PATH}/Podfile.lock",
				"${PODS_ROOT}/Manifest.lock",
			);
			name = "[CP] Check Pods Manifest.lock";
			outputFileListPaths = (
			);
			outputPaths = (
				"$(DERIVED_FILE_DIR)/Pods-AssistantWatchForGPSTODO-checkManifestLockResult.txt",
			);
			runOnlyForDeploymentPostprocessing = 0;
			shellPath = /bin/sh;
			shellScript = "diff \"${PODS_PODFILE_DIR_PATH}/Podfile.lock\" \"${PODS_ROOT}/Manifest.lock\" > /dev/null\nif [ $? != 0 ] ; then\n    # print error to STDERR\n    echo \"error: The sandbox is not in sync with the Podfile.lock. Run 'pod install' or update your CocoaPods installation.\" >&2\n    exit 1\nfi\n# This output is used by Xcode 'outputs' to avoid re-running this script phase.\necho \"SUCCESS\" > \"${SCRIPT_OUTPUT_FILE_0}\"\n";
			showEnvVarsInLog = 0;
		};
/* End PBXShellScriptBuildPhase section */

/* Begin PBXSourcesBuildPhase section */
		44B1001528F487BB005B97EE /* Sources */ = {
			isa = PBXSourcesBuildPhase;
			buildActionMask = 2147483647;
			files = (
				44FA53CF2918191300133A3E /* CLLocationCoordinate2D+.swift in Sources */,
				44B1002728F487BB005B97EE /* GPS_Todo.xcdatamodeld in Sources */,
				4437F1E1290C50A00034624B /* TodoListTableViewController.swift in Sources */,
				44FA53BA2912D0F900133A3E /* EndLocationTableViewCell.swift in Sources */,
				44FA53C72914126900133A3E /* UISegmentControl.swift in Sources */,
				4437F1E9291023810034624B /* GPSLocationManager.swift in Sources */,
				44FA53C329140CFC00133A3E /* Double+.swift in Sources */,
				44B1002128F487BB005B97EE /* MainViewController.swift in Sources */,
				44298BB92900707F00C3D4DA /* PasswordSignUpViewController.swift in Sources */,
				4437F1DB290C4D050034624B /* FirestoreTodo.swift in Sources */,
				4437F1AB2905957F0034624B /* PasswordSignUpViewModel.swift in Sources */,
				4437F1AF29059A2C0034624B /* EmailEntryViewController.swift in Sources */,
				44B1001D28F487BB005B97EE /* AppDelegate.swift in Sources */,
				44FA53D3291972D400133A3E /* TodoScheduleType.swift in Sources */,
				44298BAE28FDB71E00C3D4DA /* LoginCustomViewController.swift in Sources */,
				44FA53C529140ED900133A3E /* CoordInfo.swift in Sources */,
				44FA53BE2912D8AD00133A3E /* BehaviorRelay+.swift in Sources */,
				4437F1E3290C5B150034624B /* TodoDetailTableViewController.swift in Sources */,
				44298BBD290072A800C3D4DA /* FUIAdvancedPasswordSignUpViewController.m_backup in Sources */,
				44298BB628FF19F000C3D4DA /* RandomNonceString.swift in Sources */,
				44B1007C28F48D62005B97EE /* AdMob.swift in Sources */,
				4437F1DF290C4D9B0034624B /* Todo.swift in Sources */,
				44FA53C12913D5AE00133A3E /* TodoUpdateViewModel.swift in Sources */,
				44FA53D1291966E000133A3E /* ScheduleSelectTableViewController.swift in Sources */,
				4437F1E5290D989B0034624B /* TodoUpdateTableViewController.swift in Sources */,
				44B1001F28F487BB005B97EE /* SceneDelegate.swift in Sources */,
				4437F1EC29102A380034624B /* MKMapView+.swift in Sources */,
			);
			runOnlyForDeploymentPostprocessing = 0;
		};
		44B1002E28F487BD005B97EE /* Sources */ = {
			isa = PBXSourcesBuildPhase;
			buildActionMask = 2147483647;
			files = (
				44B1003728F487BD005B97EE /* GPS_TodoTests.swift in Sources */,
			);
			runOnlyForDeploymentPostprocessing = 0;
		};
		44B1003828F487BD005B97EE /* Sources */ = {
			isa = PBXSourcesBuildPhase;
			buildActionMask = 2147483647;
			files = (
				44B1004328F487BD005B97EE /* GPS_TodoUITestsLaunchTests.swift in Sources */,
				44B1004128F487BD005B97EE /* GPS_TodoUITests.swift in Sources */,
			);
			runOnlyForDeploymentPostprocessing = 0;
		};
		44B1005828F48816005B97EE /* Sources */ = {
			isa = PBXSourcesBuildPhase;
			buildActionMask = 2147483647;
			files = (
				44B1006628F48817005B97EE /* NotificationController.swift in Sources */,
				44B1006828F48817005B97EE /* ComplicationController.swift in Sources */,
				44B1006428F48817005B97EE /* ExtensionDelegate.swift in Sources */,
				44B1006228F48817005B97EE /* InterfaceController.swift in Sources */,
			);
			runOnlyForDeploymentPostprocessing = 0;
		};
/* End PBXSourcesBuildPhase section */

/* Begin PBXTargetDependency section */
		44B1003428F487BD005B97EE /* PBXTargetDependency */ = {
			isa = PBXTargetDependency;
			target = 44B1001828F487BB005B97EE /* GPS-Todo */;
			targetProxy = 44B1003328F487BD005B97EE /* PBXContainerItemProxy */;
		};
		44B1003E28F487BD005B97EE /* PBXTargetDependency */ = {
			isa = PBXTargetDependency;
			target = 44B1001828F487BB005B97EE /* GPS-Todo */;
			targetProxy = 44B1003D28F487BD005B97EE /* PBXContainerItemProxy */;
		};
		44B1005F28F48817005B97EE /* PBXTargetDependency */ = {
			isa = PBXTargetDependency;
			target = 44B1005B28F48816005B97EE /* AssistantWatchForGPSTODO WatchKit Extension */;
			targetProxy = 44B1005E28F48817005B97EE /* PBXContainerItemProxy */;
		};
		44B1006E28F48818005B97EE /* PBXTargetDependency */ = {
			isa = PBXTargetDependency;
			target = 44B1005028F48815005B97EE /* AssistantWatchForGPSTODO */;
			targetProxy = 44B1006D28F48818005B97EE /* PBXContainerItemProxy */;
		};
/* End PBXTargetDependency section */

/* Begin PBXVariantGroup section */
		44B1002228F487BB005B97EE /* Main.storyboard */ = {
			isa = PBXVariantGroup;
			children = (
				44B1002328F487BB005B97EE /* Base */,
			);
			name = Main.storyboard;
			sourceTree = "<group>";
		};
		44B1002A28F487BD005B97EE /* LaunchScreen.storyboard */ = {
			isa = PBXVariantGroup;
			children = (
				44B1002B28F487BD005B97EE /* Base */,
			);
			name = LaunchScreen.storyboard;
			sourceTree = "<group>";
		};
		44B1005328F48815005B97EE /* Interface.storyboard */ = {
			isa = PBXVariantGroup;
			children = (
				44B1005428F48815005B97EE /* Base */,
			);
			name = Interface.storyboard;
			sourceTree = "<group>";
		};
/* End PBXVariantGroup section */

/* Begin XCBuildConfiguration section */
		44B1004428F487BD005B97EE /* Debug */ = {
			isa = XCBuildConfiguration;
			buildSettings = {
				ALWAYS_SEARCH_USER_PATHS = NO;
				CLANG_ANALYZER_NONNULL = YES;
				CLANG_ANALYZER_NUMBER_OBJECT_CONVERSION = YES_AGGRESSIVE;
				CLANG_CXX_LANGUAGE_STANDARD = "gnu++17";
				CLANG_ENABLE_MODULES = YES;
				CLANG_ENABLE_OBJC_ARC = YES;
				CLANG_ENABLE_OBJC_WEAK = YES;
				CLANG_WARN_BLOCK_CAPTURE_AUTORELEASING = YES;
				CLANG_WARN_BOOL_CONVERSION = YES;
				CLANG_WARN_COMMA = YES;
				CLANG_WARN_CONSTANT_CONVERSION = YES;
				CLANG_WARN_DEPRECATED_OBJC_IMPLEMENTATIONS = YES;
				CLANG_WARN_DIRECT_OBJC_ISA_USAGE = YES_ERROR;
				CLANG_WARN_DOCUMENTATION_COMMENTS = YES;
				CLANG_WARN_EMPTY_BODY = YES;
				CLANG_WARN_ENUM_CONVERSION = YES;
				CLANG_WARN_INFINITE_RECURSION = YES;
				CLANG_WARN_INT_CONVERSION = YES;
				CLANG_WARN_NON_LITERAL_NULL_CONVERSION = YES;
				CLANG_WARN_OBJC_IMPLICIT_RETAIN_SELF = YES;
				CLANG_WARN_OBJC_LITERAL_CONVERSION = YES;
				CLANG_WARN_OBJC_ROOT_CLASS = YES_ERROR;
				CLANG_WARN_QUOTED_INCLUDE_IN_FRAMEWORK_HEADER = YES;
				CLANG_WARN_RANGE_LOOP_ANALYSIS = YES;
				CLANG_WARN_STRICT_PROTOTYPES = YES;
				CLANG_WARN_SUSPICIOUS_MOVE = YES;
				CLANG_WARN_UNGUARDED_AVAILABILITY = YES_AGGRESSIVE;
				CLANG_WARN_UNREACHABLE_CODE = YES;
				CLANG_WARN__DUPLICATE_METHOD_MATCH = YES;
				COPY_PHASE_STRIP = NO;
				DEBUG_INFORMATION_FORMAT = dwarf;
				ENABLE_STRICT_OBJC_MSGSEND = YES;
				ENABLE_TESTABILITY = YES;
				GCC_C_LANGUAGE_STANDARD = gnu11;
				GCC_DYNAMIC_NO_PIC = NO;
				GCC_NO_COMMON_BLOCKS = YES;
				GCC_OPTIMIZATION_LEVEL = 0;
				GCC_PREPROCESSOR_DEFINITIONS = (
					"DEBUG=1",
					"$(inherited)",
				);
				GCC_WARN_64_TO_32_BIT_CONVERSION = YES;
				GCC_WARN_ABOUT_RETURN_TYPE = YES_ERROR;
				GCC_WARN_UNDECLARED_SELECTOR = YES;
				GCC_WARN_UNINITIALIZED_AUTOS = YES_AGGRESSIVE;
				GCC_WARN_UNUSED_FUNCTION = YES;
				GCC_WARN_UNUSED_VARIABLE = YES;
				IPHONEOS_DEPLOYMENT_TARGET = 15.4;
				MTL_ENABLE_DEBUG_INFO = INCLUDE_SOURCE;
				MTL_FAST_MATH = YES;
				ONLY_ACTIVE_ARCH = YES;
				SDKROOT = iphoneos;
				SWIFT_ACTIVE_COMPILATION_CONDITIONS = DEBUG;
				SWIFT_OPTIMIZATION_LEVEL = "-Onone";
			};
			name = Debug;
		};
		44B1004528F487BD005B97EE /* Release */ = {
			isa = XCBuildConfiguration;
			buildSettings = {
				ALWAYS_SEARCH_USER_PATHS = NO;
				CLANG_ANALYZER_NONNULL = YES;
				CLANG_ANALYZER_NUMBER_OBJECT_CONVERSION = YES_AGGRESSIVE;
				CLANG_CXX_LANGUAGE_STANDARD = "gnu++17";
				CLANG_ENABLE_MODULES = YES;
				CLANG_ENABLE_OBJC_ARC = YES;
				CLANG_ENABLE_OBJC_WEAK = YES;
				CLANG_WARN_BLOCK_CAPTURE_AUTORELEASING = YES;
				CLANG_WARN_BOOL_CONVERSION = YES;
				CLANG_WARN_COMMA = YES;
				CLANG_WARN_CONSTANT_CONVERSION = YES;
				CLANG_WARN_DEPRECATED_OBJC_IMPLEMENTATIONS = YES;
				CLANG_WARN_DIRECT_OBJC_ISA_USAGE = YES_ERROR;
				CLANG_WARN_DOCUMENTATION_COMMENTS = YES;
				CLANG_WARN_EMPTY_BODY = YES;
				CLANG_WARN_ENUM_CONVERSION = YES;
				CLANG_WARN_INFINITE_RECURSION = YES;
				CLANG_WARN_INT_CONVERSION = YES;
				CLANG_WARN_NON_LITERAL_NULL_CONVERSION = YES;
				CLANG_WARN_OBJC_IMPLICIT_RETAIN_SELF = YES;
				CLANG_WARN_OBJC_LITERAL_CONVERSION = YES;
				CLANG_WARN_OBJC_ROOT_CLASS = YES_ERROR;
				CLANG_WARN_QUOTED_INCLUDE_IN_FRAMEWORK_HEADER = YES;
				CLANG_WARN_RANGE_LOOP_ANALYSIS = YES;
				CLANG_WARN_STRICT_PROTOTYPES = YES;
				CLANG_WARN_SUSPICIOUS_MOVE = YES;
				CLANG_WARN_UNGUARDED_AVAILABILITY = YES_AGGRESSIVE;
				CLANG_WARN_UNREACHABLE_CODE = YES;
				CLANG_WARN__DUPLICATE_METHOD_MATCH = YES;
				COPY_PHASE_STRIP = NO;
				DEBUG_INFORMATION_FORMAT = "dwarf-with-dsym";
				ENABLE_NS_ASSERTIONS = NO;
				ENABLE_STRICT_OBJC_MSGSEND = YES;
				GCC_C_LANGUAGE_STANDARD = gnu11;
				GCC_NO_COMMON_BLOCKS = YES;
				GCC_WARN_64_TO_32_BIT_CONVERSION = YES;
				GCC_WARN_ABOUT_RETURN_TYPE = YES_ERROR;
				GCC_WARN_UNDECLARED_SELECTOR = YES;
				GCC_WARN_UNINITIALIZED_AUTOS = YES_AGGRESSIVE;
				GCC_WARN_UNUSED_FUNCTION = YES;
				GCC_WARN_UNUSED_VARIABLE = YES;
				IPHONEOS_DEPLOYMENT_TARGET = 15.4;
				MTL_ENABLE_DEBUG_INFO = NO;
				MTL_FAST_MATH = YES;
				SDKROOT = iphoneos;
				SWIFT_COMPILATION_MODE = wholemodule;
				SWIFT_OPTIMIZATION_LEVEL = "-O";
				VALIDATE_PRODUCT = YES;
			};
			name = Release;
		};
		44B1004728F487BD005B97EE /* Debug */ = {
			isa = XCBuildConfiguration;
			baseConfigurationReference = C125AEA4AAEAABAC7C7F6A0D /* Pods-GPS-Todo.debug.xcconfig */;
			buildSettings = {
				ASSETCATALOG_COMPILER_APPICON_NAME = AppIcon;
				ASSETCATALOG_COMPILER_GLOBAL_ACCENT_COLOR_NAME = AccentColor;
				CLANG_ENABLE_MODULES = YES;
				CODE_SIGN_ENTITLEMENTS = "GPS-Todo/GPS-Todo.entitlements";
				CODE_SIGN_STYLE = Automatic;
				CURRENT_PROJECT_VERSION = 1;
				DEVELOPMENT_TEAM = 6S2SA26VAN;
				GENERATE_INFOPLIST_FILE = YES;
				INFOPLIST_FILE = "GPS-Todo/Info.plist";
				INFOPLIST_KEY_NSLocationAlwaysAndWhenInUseUsageDescription = "To use this app, you must allow access to your current location information. Location information is encrypted and stored in a database.";
				INFOPLIST_KEY_NSLocationAlwaysUsageDescription = "To use this app, you must allow access to your current location information. Location information is encrypted and stored in a database.";
				INFOPLIST_KEY_NSLocationWhenInUseUsageDescription = "To use this app, you must allow access to your current location information. Location information is encrypted and stored in a database.";
				INFOPLIST_KEY_UIApplicationSupportsIndirectInputEvents = YES;
				INFOPLIST_KEY_UILaunchStoryboardName = LaunchScreen;
				INFOPLIST_KEY_UIMainStoryboardFile = Main;
				INFOPLIST_KEY_UISupportedInterfaceOrientations_iPad = "UIInterfaceOrientationPortrait UIInterfaceOrientationPortraitUpsideDown UIInterfaceOrientationLandscapeLeft UIInterfaceOrientationLandscapeRight";
				INFOPLIST_KEY_UISupportedInterfaceOrientations_iPhone = "UIInterfaceOrientationPortrait UIInterfaceOrientationLandscapeLeft UIInterfaceOrientationLandscapeRight";
				IPHONEOS_DEPLOYMENT_TARGET = 13.0;
				LD_RUNPATH_SEARCH_PATHS = (
					"$(inherited)",
					"@executable_path/Frameworks",
				);
				MARKETING_VERSION = 1.0;
				PRODUCT_BUNDLE_IDENTIFIER = "com.bgsmm.GPS-Todo";
				PRODUCT_NAME = "$(TARGET_NAME)";
				SWIFT_EMIT_LOC_STRINGS = YES;
				SWIFT_OPTIMIZATION_LEVEL = "-Onone";
				SWIFT_VERSION = 5.0;
				TARGETED_DEVICE_FAMILY = "1,2";
			};
			name = Debug;
		};
		44B1004828F487BD005B97EE /* Release */ = {
			isa = XCBuildConfiguration;
			baseConfigurationReference = 499114AF779D1C29EDF1C74E /* Pods-GPS-Todo.release.xcconfig */;
			buildSettings = {
				ASSETCATALOG_COMPILER_APPICON_NAME = AppIcon;
				ASSETCATALOG_COMPILER_GLOBAL_ACCENT_COLOR_NAME = AccentColor;
				CLANG_ENABLE_MODULES = YES;
				CODE_SIGN_ENTITLEMENTS = "GPS-Todo/GPS-Todo.entitlements";
				CODE_SIGN_STYLE = Automatic;
				CURRENT_PROJECT_VERSION = 1;
				DEVELOPMENT_TEAM = 6S2SA26VAN;
				GENERATE_INFOPLIST_FILE = YES;
				INFOPLIST_FILE = "GPS-Todo/Info.plist";
				INFOPLIST_KEY_NSLocationAlwaysAndWhenInUseUsageDescription = "To use this app, you must allow access to your current location information. Location information is encrypted and stored in a database.";
				INFOPLIST_KEY_NSLocationAlwaysUsageDescription = "To use this app, you must allow access to your current location information. Location information is encrypted and stored in a database.";
				INFOPLIST_KEY_NSLocationWhenInUseUsageDescription = "To use this app, you must allow access to your current location information. Location information is encrypted and stored in a database.";
				INFOPLIST_KEY_UIApplicationSupportsIndirectInputEvents = YES;
				INFOPLIST_KEY_UILaunchStoryboardName = LaunchScreen;
				INFOPLIST_KEY_UIMainStoryboardFile = Main;
				INFOPLIST_KEY_UISupportedInterfaceOrientations_iPad = "UIInterfaceOrientationPortrait UIInterfaceOrientationPortraitUpsideDown UIInterfaceOrientationLandscapeLeft UIInterfaceOrientationLandscapeRight";
				INFOPLIST_KEY_UISupportedInterfaceOrientations_iPhone = "UIInterfaceOrientationPortrait UIInterfaceOrientationLandscapeLeft UIInterfaceOrientationLandscapeRight";
				IPHONEOS_DEPLOYMENT_TARGET = 13.0;
				LD_RUNPATH_SEARCH_PATHS = (
					"$(inherited)",
					"@executable_path/Frameworks",
				);
				MARKETING_VERSION = 1.0;
				PRODUCT_BUNDLE_IDENTIFIER = "com.bgsmm.GPS-Todo";
				PRODUCT_NAME = "$(TARGET_NAME)";
				SWIFT_EMIT_LOC_STRINGS = YES;
				SWIFT_VERSION = 5.0;
				TARGETED_DEVICE_FAMILY = "1,2";
			};
			name = Release;
		};
		44B1004A28F487BD005B97EE /* Debug */ = {
			isa = XCBuildConfiguration;
			baseConfigurationReference = EA03BABA840F7C606EEC1793 /* Pods-GPS-TodoTests.debug.xcconfig */;
			buildSettings = {
				ALWAYS_EMBED_SWIFT_STANDARD_LIBRARIES = YES;
				BUNDLE_LOADER = "$(TEST_HOST)";
				CODE_SIGN_STYLE = Automatic;
				CURRENT_PROJECT_VERSION = 1;
				DEVELOPMENT_TEAM = 6S2SA26VAN;
				GENERATE_INFOPLIST_FILE = YES;
				IPHONEOS_DEPLOYMENT_TARGET = 15.4;
				MARKETING_VERSION = 1.0;
				PRODUCT_BUNDLE_IDENTIFIER = "com.bgsmm.GPS-TodoTests";
				PRODUCT_NAME = "$(TARGET_NAME)";
				SWIFT_EMIT_LOC_STRINGS = NO;
				SWIFT_VERSION = 5.0;
				TARGETED_DEVICE_FAMILY = "1,2";
				TEST_HOST = "$(BUILT_PRODUCTS_DIR)/GPS-Todo.app/GPS-Todo";
			};
			name = Debug;
		};
		44B1004B28F487BD005B97EE /* Release */ = {
			isa = XCBuildConfiguration;
			baseConfigurationReference = 15AEDB290DCFBA0987E701E4 /* Pods-GPS-TodoTests.release.xcconfig */;
			buildSettings = {
				ALWAYS_EMBED_SWIFT_STANDARD_LIBRARIES = YES;
				BUNDLE_LOADER = "$(TEST_HOST)";
				CODE_SIGN_STYLE = Automatic;
				CURRENT_PROJECT_VERSION = 1;
				DEVELOPMENT_TEAM = 6S2SA26VAN;
				GENERATE_INFOPLIST_FILE = YES;
				IPHONEOS_DEPLOYMENT_TARGET = 15.4;
				MARKETING_VERSION = 1.0;
				PRODUCT_BUNDLE_IDENTIFIER = "com.bgsmm.GPS-TodoTests";
				PRODUCT_NAME = "$(TARGET_NAME)";
				SWIFT_EMIT_LOC_STRINGS = NO;
				SWIFT_VERSION = 5.0;
				TARGETED_DEVICE_FAMILY = "1,2";
				TEST_HOST = "$(BUILT_PRODUCTS_DIR)/GPS-Todo.app/GPS-Todo";
			};
			name = Release;
		};
		44B1004D28F487BD005B97EE /* Debug */ = {
			isa = XCBuildConfiguration;
			baseConfigurationReference = 11BFA085E9979C0223E22AA5 /* Pods-GPS-Todo-GPS-TodoUITests.debug.xcconfig */;
			buildSettings = {
				ALWAYS_EMBED_SWIFT_STANDARD_LIBRARIES = YES;
				CODE_SIGN_STYLE = Automatic;
				CURRENT_PROJECT_VERSION = 1;
				DEVELOPMENT_TEAM = 6S2SA26VAN;
				GENERATE_INFOPLIST_FILE = YES;
				MARKETING_VERSION = 1.0;
				PRODUCT_BUNDLE_IDENTIFIER = "com.bgsmm.GPS-TodoUITests";
				PRODUCT_NAME = "$(TARGET_NAME)";
				SWIFT_EMIT_LOC_STRINGS = NO;
				SWIFT_VERSION = 5.0;
				TARGETED_DEVICE_FAMILY = "1,2";
				TEST_TARGET_NAME = "GPS-Todo";
			};
			name = Debug;
		};
		44B1004E28F487BD005B97EE /* Release */ = {
			isa = XCBuildConfiguration;
			baseConfigurationReference = F0B758E41FE04A679F83EFB4 /* Pods-GPS-Todo-GPS-TodoUITests.release.xcconfig */;
			buildSettings = {
				ALWAYS_EMBED_SWIFT_STANDARD_LIBRARIES = YES;
				CODE_SIGN_STYLE = Automatic;
				CURRENT_PROJECT_VERSION = 1;
				DEVELOPMENT_TEAM = 6S2SA26VAN;
				GENERATE_INFOPLIST_FILE = YES;
				MARKETING_VERSION = 1.0;
				PRODUCT_BUNDLE_IDENTIFIER = "com.bgsmm.GPS-TodoUITests";
				PRODUCT_NAME = "$(TARGET_NAME)";
				SWIFT_EMIT_LOC_STRINGS = NO;
				SWIFT_VERSION = 5.0;
				TARGETED_DEVICE_FAMILY = "1,2";
				TEST_TARGET_NAME = "GPS-Todo";
			};
			name = Release;
		};
		44B1007128F48818005B97EE /* Debug */ = {
			isa = XCBuildConfiguration;
			baseConfigurationReference = 5CAFEC4803F285F1C6EE38BD /* Pods-AssistantWatchForGPSTODO WatchKit Extension.debug.xcconfig */;
			buildSettings = {
				ASSETCATALOG_COMPILER_COMPLICATION_NAME = Complication;
				CODE_SIGN_STYLE = Automatic;
				CURRENT_PROJECT_VERSION = 1;
				DEVELOPMENT_TEAM = 6S2SA26VAN;
				GENERATE_INFOPLIST_FILE = YES;
				INFOPLIST_FILE = "AssistantWatchForGPSTODO WatchKit Extension/Info.plist";
				INFOPLIST_KEY_CFBundleDisplayName = "AssistantWatchForGPSTODO WatchKit Extension";
				INFOPLIST_KEY_CLKComplicationPrincipalClass = "$(PRODUCT_MODULE_NAME).ComplicationController";
				INFOPLIST_KEY_NSHumanReadableCopyright = "";
				INFOPLIST_KEY_WKExtensionDelegateClassName = "$(PRODUCT_MODULE_NAME).ExtensionDelegate";
				LD_RUNPATH_SEARCH_PATHS = (
					"$(inherited)",
					"@executable_path/Frameworks",
					"@executable_path/../../Frameworks",
				);
				MARKETING_VERSION = 1.0;
				PRODUCT_BUNDLE_IDENTIFIER = "com.bgsmm.GPS-Todo.watchkitapp.watchkitextension";
				PRODUCT_NAME = "${TARGET_NAME}";
				SDKROOT = watchos;
				SKIP_INSTALL = YES;
				SWIFT_EMIT_LOC_STRINGS = YES;
				SWIFT_VERSION = 5.0;
				TARGETED_DEVICE_FAMILY = 4;
				WATCHOS_DEPLOYMENT_TARGET = 8.5;
			};
			name = Debug;
		};
		44B1007228F48818005B97EE /* Release */ = {
			isa = XCBuildConfiguration;
			baseConfigurationReference = 872CF28F35100E4089DE15B3 /* Pods-AssistantWatchForGPSTODO WatchKit Extension.release.xcconfig */;
			buildSettings = {
				ASSETCATALOG_COMPILER_COMPLICATION_NAME = Complication;
				CODE_SIGN_STYLE = Automatic;
				CURRENT_PROJECT_VERSION = 1;
				DEVELOPMENT_TEAM = 6S2SA26VAN;
				GENERATE_INFOPLIST_FILE = YES;
				INFOPLIST_FILE = "AssistantWatchForGPSTODO WatchKit Extension/Info.plist";
				INFOPLIST_KEY_CFBundleDisplayName = "AssistantWatchForGPSTODO WatchKit Extension";
				INFOPLIST_KEY_CLKComplicationPrincipalClass = "$(PRODUCT_MODULE_NAME).ComplicationController";
				INFOPLIST_KEY_NSHumanReadableCopyright = "";
				INFOPLIST_KEY_WKExtensionDelegateClassName = "$(PRODUCT_MODULE_NAME).ExtensionDelegate";
				LD_RUNPATH_SEARCH_PATHS = (
					"$(inherited)",
					"@executable_path/Frameworks",
					"@executable_path/../../Frameworks",
				);
				MARKETING_VERSION = 1.0;
				PRODUCT_BUNDLE_IDENTIFIER = "com.bgsmm.GPS-Todo.watchkitapp.watchkitextension";
				PRODUCT_NAME = "${TARGET_NAME}";
				SDKROOT = watchos;
				SKIP_INSTALL = YES;
				SWIFT_EMIT_LOC_STRINGS = YES;
				SWIFT_VERSION = 5.0;
				TARGETED_DEVICE_FAMILY = 4;
				WATCHOS_DEPLOYMENT_TARGET = 8.5;
			};
			name = Release;
		};
		44B1007528F48818005B97EE /* Debug */ = {
			isa = XCBuildConfiguration;
			baseConfigurationReference = 5160995558F6F0D7692A99F0 /* Pods-AssistantWatchForGPSTODO.debug.xcconfig */;
			buildSettings = {
				ALWAYS_EMBED_SWIFT_STANDARD_LIBRARIES = YES;
				ASSETCATALOG_COMPILER_APPICON_NAME = AppIcon;
				ASSETCATALOG_COMPILER_GLOBAL_ACCENT_COLOR_NAME = AccentColor;
				CODE_SIGN_STYLE = Automatic;
				CURRENT_PROJECT_VERSION = 1;
				DEVELOPMENT_TEAM = 6S2SA26VAN;
				GENERATE_INFOPLIST_FILE = YES;
				IBSC_MODULE = AssistantWatchForGPSTODO_WatchKit_Extension;
				INFOPLIST_KEY_CFBundleDisplayName = AssistantWatchForGPSTODO;
				INFOPLIST_KEY_UISupportedInterfaceOrientations = "UIInterfaceOrientationPortrait UIInterfaceOrientationPortraitUpsideDown";
				INFOPLIST_KEY_WKCompanionAppBundleIdentifier = "com.bgsmm.GPS-Todo";
				MARKETING_VERSION = 1.0;
				PRODUCT_BUNDLE_IDENTIFIER = "com.bgsmm.GPS-Todo.watchkitapp";
				PRODUCT_NAME = "$(TARGET_NAME)";
				SDKROOT = watchos;
				SKIP_INSTALL = YES;
				SWIFT_EMIT_LOC_STRINGS = YES;
				SWIFT_VERSION = 5.0;
				TARGETED_DEVICE_FAMILY = 4;
				WATCHOS_DEPLOYMENT_TARGET = 8.5;
			};
			name = Debug;
		};
		44B1007628F48818005B97EE /* Release */ = {
			isa = XCBuildConfiguration;
			baseConfigurationReference = 793814F44560494805B36D68 /* Pods-AssistantWatchForGPSTODO.release.xcconfig */;
			buildSettings = {
				ALWAYS_EMBED_SWIFT_STANDARD_LIBRARIES = YES;
				ASSETCATALOG_COMPILER_APPICON_NAME = AppIcon;
				ASSETCATALOG_COMPILER_GLOBAL_ACCENT_COLOR_NAME = AccentColor;
				CODE_SIGN_STYLE = Automatic;
				CURRENT_PROJECT_VERSION = 1;
				DEVELOPMENT_TEAM = 6S2SA26VAN;
				GENERATE_INFOPLIST_FILE = YES;
				IBSC_MODULE = AssistantWatchForGPSTODO_WatchKit_Extension;
				INFOPLIST_KEY_CFBundleDisplayName = AssistantWatchForGPSTODO;
				INFOPLIST_KEY_UISupportedInterfaceOrientations = "UIInterfaceOrientationPortrait UIInterfaceOrientationPortraitUpsideDown";
				INFOPLIST_KEY_WKCompanionAppBundleIdentifier = "com.bgsmm.GPS-Todo";
				MARKETING_VERSION = 1.0;
				PRODUCT_BUNDLE_IDENTIFIER = "com.bgsmm.GPS-Todo.watchkitapp";
				PRODUCT_NAME = "$(TARGET_NAME)";
				SDKROOT = watchos;
				SKIP_INSTALL = YES;
				SWIFT_EMIT_LOC_STRINGS = YES;
				SWIFT_VERSION = 5.0;
				TARGETED_DEVICE_FAMILY = 4;
				WATCHOS_DEPLOYMENT_TARGET = 8.5;
			};
			name = Release;
		};
/* End XCBuildConfiguration section */

/* Begin XCConfigurationList section */
		44B1001428F487BB005B97EE /* Build configuration list for PBXProject "GPS-Todo" */ = {
			isa = XCConfigurationList;
			buildConfigurations = (
				44B1004428F487BD005B97EE /* Debug */,
				44B1004528F487BD005B97EE /* Release */,
			);
			defaultConfigurationIsVisible = 0;
			defaultConfigurationName = Release;
		};
		44B1004628F487BD005B97EE /* Build configuration list for PBXNativeTarget "GPS-Todo" */ = {
			isa = XCConfigurationList;
			buildConfigurations = (
				44B1004728F487BD005B97EE /* Debug */,
				44B1004828F487BD005B97EE /* Release */,
			);
			defaultConfigurationIsVisible = 0;
			defaultConfigurationName = Release;
		};
		44B1004928F487BD005B97EE /* Build configuration list for PBXNativeTarget "GPS-TodoTests" */ = {
			isa = XCConfigurationList;
			buildConfigurations = (
				44B1004A28F487BD005B97EE /* Debug */,
				44B1004B28F487BD005B97EE /* Release */,
			);
			defaultConfigurationIsVisible = 0;
			defaultConfigurationName = Release;
		};
		44B1004C28F487BD005B97EE /* Build configuration list for PBXNativeTarget "GPS-TodoUITests" */ = {
			isa = XCConfigurationList;
			buildConfigurations = (
				44B1004D28F487BD005B97EE /* Debug */,
				44B1004E28F487BD005B97EE /* Release */,
			);
			defaultConfigurationIsVisible = 0;
			defaultConfigurationName = Release;
		};
		44B1007028F48818005B97EE /* Build configuration list for PBXNativeTarget "AssistantWatchForGPSTODO WatchKit Extension" */ = {
			isa = XCConfigurationList;
			buildConfigurations = (
				44B1007128F48818005B97EE /* Debug */,
				44B1007228F48818005B97EE /* Release */,
			);
			defaultConfigurationIsVisible = 0;
			defaultConfigurationName = Release;
		};
		44B1007428F48818005B97EE /* Build configuration list for PBXNativeTarget "AssistantWatchForGPSTODO" */ = {
			isa = XCConfigurationList;
			buildConfigurations = (
				44B1007528F48818005B97EE /* Debug */,
				44B1007628F48818005B97EE /* Release */,
			);
			defaultConfigurationIsVisible = 0;
			defaultConfigurationName = Release;
		};
/* End XCConfigurationList section */

/* Begin XCRemoteSwiftPackageReference section */
		4437F1D7290C4A1A0034624B /* XCRemoteSwiftPackageReference "BGSMM_DevKit" */ = {
			isa = XCRemoteSwiftPackageReference;
			repositoryURL = "https://github.com/ayaysir/BGSMM_DevKit";
			requirement = {
				branch = main;
				kind = branch;
			};
		};
		44FA53CB2916D32000133A3E /* XCRemoteSwiftPackageReference "IQKeyboardManager" */ = {
			isa = XCRemoteSwiftPackageReference;
			repositoryURL = "https://github.com/hackiftekhar/IQKeyboardManager.git";
			requirement = {
				branch = master;
				kind = branch;
			};
		};
/* End XCRemoteSwiftPackageReference section */

/* Begin XCSwiftPackageProductDependency section */
		4437F1D8290C4A1B0034624B /* BGSMM_DevKit */ = {
			isa = XCSwiftPackageProductDependency;
			package = 4437F1D7290C4A1A0034624B /* XCRemoteSwiftPackageReference "BGSMM_DevKit" */;
			productName = BGSMM_DevKit;
		};
		44FA53CC2916D32000133A3E /* IQKeyboardManagerSwift */ = {
			isa = XCSwiftPackageProductDependency;
			package = 44FA53CB2916D32000133A3E /* XCRemoteSwiftPackageReference "IQKeyboardManager" */;
			productName = IQKeyboardManagerSwift;
		};
/* End XCSwiftPackageProductDependency section */

/* Begin XCVersionGroup section */
		44B1002528F487BB005B97EE /* GPS_Todo.xcdatamodeld */ = {
			isa = XCVersionGroup;
			children = (
				44B1002628F487BB005B97EE /* GPS_Todo.xcdatamodel */,
			);
			currentVersion = 44B1002628F487BB005B97EE /* GPS_Todo.xcdatamodel */;
			path = GPS_Todo.xcdatamodeld;
			sourceTree = "<group>";
			versionGroupType = wrapper.xcdatamodel;
		};
/* End XCVersionGroup section */
	};
	rootObject = 44B1001128F487BB005B97EE /* Project object */;
}
